PODS:
  - SVProgressHUD (2.2.5)
  - TermiNetwork (0.2)

DEPENDENCIES:
  - SVProgressHUD
  - TermiNetwork (from `../`)

SPEC REPOS:
  https://github.com/CocoaPods/Specs.git:
    - SVProgressHUD

EXTERNAL SOURCES:
  TermiNetwork:
    :path: "../"

SPEC CHECKSUMS:
  SVProgressHUD: 1428aafac632c1f86f62aa4243ec12008d7a51d6
  TermiNetwork: 60dbf89c49d6f491017e996bc637e1ffdbbc925b

PODFILE CHECKSUM: af8b5f936ba5753b3879a1b53e3f4c098f948f9d

COCOAPODS: 1.5.0
