// !$*UTF8*$!
{
	archiveVersion = 1;
	classes = {
	};
	objectVersion = 52;
	objects = {

/* Begin PBXBuildFile section */
		F30A298A258787320046C8E6 /* MiscRoute.swift in Sources */ = {isa = PBXBuildFile; fileRef = F30A2989258787320046C8E6 /* MiscRoute.swift */; };
		F30A298E2587881D0046C8E6 /* RSEncryptedModel.swift in Sources */ = {isa = PBXBuildFile; fileRef = F30A298D258788180046C8E6 /* RSEncryptedModel.swift */; };
		F30A29922587884B0046C8E6 /* EncryptedModelTransformer.swift in Sources */ = {isa = PBXBuildFile; fileRef = F30A29912587884B0046C8E6 /* EncryptedModelTransformer.swift */; };
		F30A2998258788880046C8E6 /* EncryptedModel.swift in Sources */ = {isa = PBXBuildFile; fileRef = F30A2997258788880046C8E6 /* EncryptedModel.swift */; };
		F30A299B25878C5F0046C8E6 /* CryptoMiddleware.swift in Sources */ = {isa = PBXBuildFile; fileRef = F30A2986258783B40046C8E6 /* CryptoMiddleware.swift */; };
		F30B77D625967FE600681359 /* Request+Interceptors.swift in Sources */ = {isa = PBXBuildFile; fileRef = F30B77D525967FE600681359 /* Request+Interceptors.swift */; };
		F31126A5257A55E000775D7E /* TestModel.swift in Sources */ = {isa = PBXBuildFile; fileRef = F31126A4257A55E000775D7E /* TestModel.swift */; };
		F31126A9257A560200775D7E /* TestUploadTransformer.swift in Sources */ = {isa = PBXBuildFile; fileRef = F31126A8257A560200775D7E /* TestUploadTransformer.swift */; };
		F31126AD257A563600775D7E /* FileResponse.swift in Sources */ = {isa = PBXBuildFile; fileRef = F31126AC257A563600775D7E /* FileResponse.swift */; };
		F3116AA42460A04B00DFE453 /* RequestBodyGenerators.swift in Sources */ = {isa = PBXBuildFile; fileRef = F3116AA22460A04B00DFE453 /* RequestBodyGenerators.swift */; };
		F3116AA52460A04B00DFE453 /* RequestHelpers.swift in Sources */ = {isa = PBXBuildFile; fileRef = F3116AA32460A04B00DFE453 /* RequestHelpers.swift */; };
		F3116AA92460A06600DFE453 /* RouteProtocol.swift in Sources */ = {isa = PBXBuildFile; fileRef = F3116AA72460A06600DFE453 /* RouteProtocol.swift */; };
		F3116AAA2460A06600DFE453 /* RequestMiddlewareProtocol.swift in Sources */ = {isa = PBXBuildFile; fileRef = F3116AA82460A06600DFE453 /* RequestMiddlewareProtocol.swift */; };
		F3116AB62460A09E00DFE453 /* UIImageView+Extensions.swift in Sources */ = {isa = PBXBuildFile; fileRef = F3116AAC2460A09E00DFE453 /* UIImageView+Extensions.swift */; };
		F3116AB72460A09E00DFE453 /* String+Extensions.swift in Sources */ = {isa = PBXBuildFile; fileRef = F3116AAD2460A09E00DFE453 /* String+Extensions.swift */; };
		F3116AB82460A09E00DFE453 /* Request+Mock.swift in Sources */ = {isa = PBXBuildFile; fileRef = F3116AAE2460A09E00DFE453 /* Request+Mock.swift */; };
		F3116AB92460A09E00DFE453 /* URLRequest+Extensions.swift in Sources */ = {isa = PBXBuildFile; fileRef = F3116AAF2460A09E00DFE453 /* URLRequest+Extensions.swift */; };
		F3116ABA2460A09E00DFE453 /* Request+FileOperations.swift in Sources */ = {isa = PBXBuildFile; fileRef = F3116AB12460A09E00DFE453 /* Request+FileOperations.swift */; };
		F3116ABB2460A09E00DFE453 /* Request+DataOperations.swift in Sources */ = {isa = PBXBuildFile; fileRef = F3116AB22460A09E00DFE453 /* Request+DataOperations.swift */; };
		F3116ABC2460A09E00DFE453 /* Request+Middleware.swift in Sources */ = {isa = PBXBuildFile; fileRef = F3116AB32460A09E00DFE453 /* Request+Middleware.swift */; };
		F3116ABD2460A09E00DFE453 /* Dictionary+Extensions.swift in Sources */ = {isa = PBXBuildFile; fileRef = F3116AB42460A09E00DFE453 /* Dictionary+Extensions.swift */; };
		F3116ABE2460A09E00DFE453 /* Data+Extensions.swift in Sources */ = {isa = PBXBuildFile; fileRef = F3116AB52460A09E00DFE453 /* Data+Extensions.swift */; };
		F3116AC32460A91B00DFE453 /* MultipartFormDataHelpers.swift in Sources */ = {isa = PBXBuildFile; fileRef = F3116AC22460A91B00DFE453 /* MultipartFormDataHelpers.swift */; };
		F3196837243D01E1008725CE /* TermiNetwork.framework in Frameworks */ = {isa = PBXBuildFile; fileRef = F319682D243D01E1008725CE /* TermiNetwork.framework */; };
		F319683E243D01E1008725CE /* TermiNetwork.h in Headers */ = {isa = PBXBuildFile; fileRef = F3196830243D01E1008725CE /* TermiNetwork.h */; settings = {ATTRIBUTES = (Public, ); }; };
		F31F889F257A80EE00D9A802 /* CitiesTransformer.swift in Sources */ = {isa = PBXBuildFile; fileRef = F31F8899257A80E100D9A802 /* CitiesTransformer.swift */; };
		F31F88A4257A816400D9A802 /* City.swift in Sources */ = {isa = PBXBuildFile; fileRef = F31F8895257A809600D9A802 /* City.swift */; };
		F31F88A8257AD39400D9A802 /* Image.swift in Sources */ = {isa = PBXBuildFile; fileRef = F31F88A7257AD39400D9A802 /* Image.swift */; };
		F31F88B4257C056200D9A802 /* Cache.swift in Sources */ = {isa = PBXBuildFile; fileRef = F31F88AE257C040600D9A802 /* Cache.swift */; };
		F31F88BC257C11C900D9A802 /* UIImage+Extensions.swift in Sources */ = {isa = PBXBuildFile; fileRef = F31F88BB257C11C900D9A802 /* UIImage+Extensions.swift */; };
		F31F88CE257CCF6F00D9A802 /* ServiceErrorInterceptor.swift in Sources */ = {isa = PBXBuildFile; fileRef = F31F88C6257CCF5E00D9A802 /* ServiceErrorInterceptor.swift */; };
		F31F88D9257CDAFA00D9A802 /* DemoApp.swift in Sources */ = {isa = PBXBuildFile; fileRef = F31F88D3257CDA7700D9A802 /* DemoApp.swift */; };
		F3211EC6258019280085E873 /* EncryptedCommunicationView.swift in Sources */ = {isa = PBXBuildFile; fileRef = F3211EC5258019280085E873 /* EncryptedCommunicationView.swift */; };
		F32195B325782E1A000941F1 /* InterceptorProtocol.swift in Sources */ = {isa = PBXBuildFile; fileRef = F32195B225782E1A000941F1 /* InterceptorProtocol.swift */; };
		F32195BD25783F29000941F1 /* GlobalInterceptor.swift in Sources */ = {isa = PBXBuildFile; fileRef = F32195B725783ED0000941F1 /* GlobalInterceptor.swift */; };
		F32C3D13243E499E004497BC /* TestPinning.swift in Sources */ = {isa = PBXBuildFile; fileRef = F32C3D12243E499E004497BC /* TestPinning.swift */; };
		F3309DB4258AA05700BB018D /* Launch Screen.storyboard in Resources */ = {isa = PBXBuildFile; fileRef = F3309DB3258AA05700BB018D /* Launch Screen.storyboard */; };
		F3309DBF258ABF1200BB018D /* CryptoSwift in Frameworks */ = {isa = PBXBuildFile; productRef = F3309DBE258ABF1200BB018D /* CryptoSwift */; };
		F3309DE7258AC45800BB018D /* CryptoSwift in Frameworks */ = {isa = PBXBuildFile; productRef = F3309DE6258AC45800BB018D /* CryptoSwift */; };
		F3319E9C246AD71C00D94AFE /* MultipartFormDataPartType.swift in Sources */ = {isa = PBXBuildFile; fileRef = F3319E9B246AD71C00D94AFE /* MultipartFormDataPartType.swift */; };
		F333429A25792E9D0087BDBA /* ErrorModel.swift in Sources */ = {isa = PBXBuildFile; fileRef = F333429925792E9D0087BDBA /* ErrorModel.swift */; };
		F33684D52466939200C64471 /* photo.jpg in Resources */ = {isa = PBXBuildFile; fileRef = F33684D3246692E400C64471 /* photo.jpg */; };
		F33ACF4D2587F904004DAC46 /* Request+ResponseHeaders.swift in Sources */ = {isa = PBXBuildFile; fileRef = F33ACF4C2587F904004DAC46 /* Request+ResponseHeaders.swift */; };
		F33ACF5B25880A5E004DAC46 /* FileDownloader.swift in Sources */ = {isa = PBXBuildFile; fileRef = F33ACF5325880A0F004DAC46 /* FileDownloader.swift */; };
		F33ACF6225880B34004DAC46 /* UIHelpers.swift in Sources */ = {isa = PBXBuildFile; fileRef = F33ACF5E25880ABD004DAC46 /* UIHelpers.swift */; };
		F34BA6722590E63D007CE8D6 /* CertificatePinningManager.swift in Sources */ = {isa = PBXBuildFile; fileRef = F34BA6712590E63D007CE8D6 /* CertificatePinningManager.swift */; };
		F3556065257401330047D46D /* TestDownloadOperations.swift in Sources */ = {isa = PBXBuildFile; fileRef = F3556064257401330047D46D /* TestDownloadOperations.swift */; };
		F355608B257527C40047D46D /* TermiNetworkExamplesApp.swift in Sources */ = {isa = PBXBuildFile; fileRef = F3556079257527C20047D46D /* TermiNetworkExamplesApp.swift */; };
		F355608D257527C40047D46D /* ContentView.swift in Sources */ = {isa = PBXBuildFile; fileRef = F355607A257527C20047D46D /* ContentView.swift */; };
		F355608F257527C40047D46D /* Assets.xcassets in Resources */ = {isa = PBXBuildFile; fileRef = F355607B257527C40047D46D /* Assets.xcassets */; };
		F35B533A24422FAE00C1853A /* TestConfiguration.swift in Sources */ = {isa = PBXBuildFile; fileRef = F35B533924422FAE00C1853A /* TestConfiguration.swift */; };
		F35B533E2443325400C1853A /* MockData.bundle in Resources */ = {isa = PBXBuildFile; fileRef = F35B533D2443325400C1853A /* MockData.bundle */; };
		F35B534024439FAC00C1853A /* TestMockRequest.swift in Sources */ = {isa = PBXBuildFile; fileRef = F35B533F24439FAC00C1853A /* TestMockRequest.swift */; };
		F363508225894AC6002AF5DE /* FileUploader.swift in Sources */ = {isa = PBXBuildFile; fileRef = F363507F25894A80002AF5DE /* FileUploader.swift */; };
		F37014B32598FCC80022B7D6 /* UnauthorizedInterceptor.swift in Sources */ = {isa = PBXBuildFile; fileRef = F37014B22598FCC80022B7D6 /* UnauthorizedInterceptor.swift */; };
		F37A17F4257D2953003EFB1F /* CityExplorerDetails.swift in Sources */ = {isa = PBXBuildFile; fileRef = F37A17F3257D2953003EFB1F /* CityExplorerDetails.swift */; };
		F37A17FA257D2A83003EFB1F /* CityTransformer.swift in Sources */ = {isa = PBXBuildFile; fileRef = F37A17F9257D2A83003EFB1F /* CityTransformer.swift */; };
		F37A17FE257D49A8003EFB1F /* MockData.bundle in Resources */ = {isa = PBXBuildFile; fileRef = F37A17FD257D49A8003EFB1F /* MockData.bundle */; };
		F37C5F6324589E26005BF48B /* SessionTaskFactory.swift in Sources */ = {isa = PBXBuildFile; fileRef = F37C5F6224589E26005BF48B /* SessionTaskFactory.swift */; };
		F383AEA8257ECC8300DE43FA /* CertificatePinningView.swift in Sources */ = {isa = PBXBuildFile; fileRef = F383AE9A257ECC0700DE43FA /* CertificatePinningView.swift */; };
		F383AEAD257ED51500DE43FA /* forums.swift.org.cer in Resources */ = {isa = PBXBuildFile; fileRef = F383AEAB257ED51500DE43FA /* forums.swift.org.cer */; };
		F383AEAE257ED51500DE43FA /* herokuapp.com.cer in Resources */ = {isa = PBXBuildFile; fileRef = F383AEAC257ED51500DE43FA /* herokuapp.com.cer */; };
		F3850C87243D103700F7CC13 /* TestExtensions.swift in Sources */ = {isa = PBXBuildFile; fileRef = F3850C79243D103700F7CC13 /* TestExtensions.swift */; };
		F3850C88243D103700F7CC13 /* Env.swift in Sources */ = {isa = PBXBuildFile; fileRef = F3850C7A243D103700F7CC13 /* Env.swift */; };
		F3850C89243D103700F7CC13 /* TestQueue.swift in Sources */ = {isa = PBXBuildFile; fileRef = F3850C7B243D103700F7CC13 /* TestQueue.swift */; };
		F3850C8A243D103700F7CC13 /* TestEnvironment.swift in Sources */ = {isa = PBXBuildFile; fileRef = F3850C7C243D103700F7CC13 /* TestEnvironment.swift */; };
		F3850C8B243D103700F7CC13 /* APIRoute.swift in Sources */ = {isa = PBXBuildFile; fileRef = F3850C7D243D103700F7CC13 /* APIRoute.swift */; };
		F3850C8C243D103700F7CC13 /* TestParams.swift in Sources */ = {isa = PBXBuildFile; fileRef = F3850C7F243D103700F7CC13 /* TestParams.swift */; };
		F3850C8D243D103700F7CC13 /* TestJSONParams.swift in Sources */ = {isa = PBXBuildFile; fileRef = F3850C80243D103700F7CC13 /* TestJSONParams.swift */; };
		F3850C8E243D103700F7CC13 /* TestHeaders.swift in Sources */ = {isa = PBXBuildFile; fileRef = F3850C81243D103700F7CC13 /* TestHeaders.swift */; };
		F3850C90243D103700F7CC13 /* forums.swift.org.cer in Resources */ = {isa = PBXBuildFile; fileRef = F3850C83243D103700F7CC13 /* forums.swift.org.cer */; };
		F3850C91243D103700F7CC13 /* TestRequest.swift in Sources */ = {isa = PBXBuildFile; fileRef = F3850C84243D103700F7CC13 /* TestRequest.swift */; };
		F3850C93243D103700F7CC13 /* TestTNErrors.swift in Sources */ = {isa = PBXBuildFile; fileRef = F3850C86243D103700F7CC13 /* TestTNErrors.swift */; };
		F3850CA6243D104900F7CC13 /* Router.swift in Sources */ = {isa = PBXBuildFile; fileRef = F3850C96243D104900F7CC13 /* Router.swift */; };
		F3850CA8243D104900F7CC13 /* Session.swift in Sources */ = {isa = PBXBuildFile; fileRef = F3850C98243D104900F7CC13 /* Session.swift */; };
		F3850CAA243D104900F7CC13 /* Path.swift in Sources */ = {isa = PBXBuildFile; fileRef = F3850C9A243D104900F7CC13 /* Path.swift */; };
		F3850CAB243D104900F7CC13 /* TNError.swift in Sources */ = {isa = PBXBuildFile; fileRef = F3850C9B243D104900F7CC13 /* TNError.swift */; };
		F3850CAC243D104900F7CC13 /* Operation.swift in Sources */ = {isa = PBXBuildFile; fileRef = F3850C9C243D104900F7CC13 /* Operation.swift */; };
		F3850CAD243D104900F7CC13 /* Log.swift in Sources */ = {isa = PBXBuildFile; fileRef = F3850C9D243D104900F7CC13 /* Log.swift */; };
		F3850CAE243D104900F7CC13 /* Configuration.swift in Sources */ = {isa = PBXBuildFile; fileRef = F3850C9E243D104900F7CC13 /* Configuration.swift */; };
		F3850CAF243D104900F7CC13 /* Queue.swift in Sources */ = {isa = PBXBuildFile; fileRef = F3850C9F243D104900F7CC13 /* Queue.swift */; };
		F3850CB0243D104900F7CC13 /* Request.swift in Sources */ = {isa = PBXBuildFile; fileRef = F3850CA0243D104900F7CC13 /* Request.swift */; };
		F3850CB3243D104900F7CC13 /* Environment.swift in Sources */ = {isa = PBXBuildFile; fileRef = F3850CA3243D104900F7CC13 /* Environment.swift */; };
		F387B0E82579501000A8C0C7 /* Decodable+Transformer.swift in Sources */ = {isa = PBXBuildFile; fileRef = F387B0E72579501000A8C0C7 /* Decodable+Transformer.swift */; };
		F387B0ED2579531200A8C0C7 /* TestTransformer.swift in Sources */ = {isa = PBXBuildFile; fileRef = F387B0EC2579531200A8C0C7 /* TestTransformer.swift */; };
		F387B0F7257958EB00A8C0C7 /* TestTransformers.swift in Sources */ = {isa = PBXBuildFile; fileRef = F387B0F6257958EB00A8C0C7 /* TestTransformers.swift */; };
		F38F349225896AFF00D5BB17 /* FileUploadTransformer.swift in Sources */ = {isa = PBXBuildFile; fileRef = F38F349125896AFF00D5BB17 /* FileUploadTransformer.swift */; };
		F38F349625896B2300D5BB17 /* RSFileResponse.swift in Sources */ = {isa = PBXBuildFile; fileRef = F38F349525896B2300D5BB17 /* RSFileResponse.swift */; };
		F38F349C25896B2B00D5BB17 /* FileResponse.swift in Sources */ = {isa = PBXBuildFile; fileRef = F38F349B25896B2B00D5BB17 /* FileResponse.swift */; };
		F38F34A225896ED500D5BB17 /* FileUploaderUtils.swift in Sources */ = {isa = PBXBuildFile; fileRef = F38F34A125896ED500D5BB17 /* FileUploaderUtils.swift */; };
		F397EC9F244F74360082E12D /* CryptoMiddleware.swift in Sources */ = {isa = PBXBuildFile; fileRef = F397EC9D244F65730082E12D /* CryptoMiddleware.swift */; };
		F397ECA2244F76330082E12D /* EncryptedModel.swift in Sources */ = {isa = PBXBuildFile; fileRef = F397ECA0244F76300082E12D /* EncryptedModel.swift */; };
		F3A0BC0F25769385005139D5 /* DemoEnvironment.swift in Sources */ = {isa = PBXBuildFile; fileRef = F3A0BC07257692E6005139D5 /* DemoEnvironment.swift */; };
		F3A0BC1825769434005139D5 /* AppDelegate.swift in Sources */ = {isa = PBXBuildFile; fileRef = F3A0BC12257693D2005139D5 /* AppDelegate.swift */; };
		F3A0BC1C25769453005139D5 /* CityRoute.swift in Sources */ = {isa = PBXBuildFile; fileRef = F3A0BC1B25769453005139D5 /* CityRoute.swift */; };
		F3A0BC24257694F7005139D5 /* RSCity.swift in Sources */ = {isa = PBXBuildFile; fileRef = F3A0BC23257694F7005139D5 /* RSCity.swift */; };
		F3A4B14825968ED0004812B6 /* Request+NSCopying.swift in Sources */ = {isa = PBXBuildFile; fileRef = F3A4B14725968ED0004812B6 /* Request+NSCopying.swift */; };
		F3A4B15125969694004812B6 /* TestInterceptors.swift in Sources */ = {isa = PBXBuildFile; fileRef = F3A4B14B2596963C004812B6 /* TestInterceptors.swift */; };
		F3AA5132256EA13E00D64D31 /* FileStreamer.swift in Sources */ = {isa = PBXBuildFile; fileRef = F3AA5131256EA13E00D64D31 /* FileStreamer.swift */; };
		F3AA5147256EF53000D64D31 /* TestHelpers.swift in Sources */ = {isa = PBXBuildFile; fileRef = F3AA5146256EF53000D64D31 /* TestHelpers.swift */; };
		F3AF556925987256000E01D8 /* DoNothingInterceptor.swift in Sources */ = {isa = PBXBuildFile; fileRef = F3AF556825987256000E01D8 /* DoNothingInterceptor.swift */; };
		F3B0F35B250A3121009FF4D0 /* herokuapp.com.cer in Resources */ = {isa = PBXBuildFile; fileRef = F3B0F35A250A3121009FF4D0 /* herokuapp.com.cer */; };
		F3D16EC82575299900F7B523 /* TermiNetwork.framework in Frameworks */ = {isa = PBXBuildFile; fileRef = F319682D243D01E1008725CE /* TermiNetwork.framework */; };
		F3D16EC92575299900F7B523 /* TermiNetwork.framework in Embed Frameworks */ = {isa = PBXBuildFile; fileRef = F319682D243D01E1008725CE /* TermiNetwork.framework */; settings = {ATTRIBUTES = (CodeSignOnCopy, RemoveHeadersOnCopy, ); }; };
		F3F255E9244C33B800517BF7 /* RouteConfiguration.swift in Sources */ = {isa = PBXBuildFile; fileRef = F3F255E8244C33B800517BF7 /* RouteConfiguration.swift */; };
		F3F48288245EBF6D00656449 /* TestUploadOperations.swift in Sources */ = {isa = PBXBuildFile; fileRef = F3F48287245EBE8000656449 /* TestUploadOperations.swift */; };
		F3F4828D245EE58C00656449 /* MultipartFormDataStream.swift in Sources */ = {isa = PBXBuildFile; fileRef = F3F4828C245EE58C00656449 /* MultipartFormDataStream.swift */; };
		F3F9709525758C0B0045138A /* CityExplorerView.swift in Sources */ = {isa = PBXBuildFile; fileRef = F3F9709425758C0B0045138A /* CityExplorerView.swift */; };
/* End PBXBuildFile section */

/* Begin PBXContainerItemProxy section */
		F3196838243D01E1008725CE /* PBXContainerItemProxy */ = {
			isa = PBXContainerItemProxy;
			containerPortal = F3196824243D01E1008725CE /* Project object */;
			proxyType = 1;
			remoteGlobalIDString = F319682C243D01E1008725CE;
			remoteInfo = TermiNetwork;
		};
		F3D16ECA2575299A00F7B523 /* PBXContainerItemProxy */ = {
			isa = PBXContainerItemProxy;
			containerPortal = F3196824243D01E1008725CE /* Project object */;
			proxyType = 1;
			remoteGlobalIDString = F319682C243D01E1008725CE;
			remoteInfo = TermiNetwork;
		};
/* End PBXContainerItemProxy section */

/* Begin PBXCopyFilesBuildPhase section */
		F3D16ECC2575299A00F7B523 /* Embed Frameworks */ = {
			isa = PBXCopyFilesBuildPhase;
			buildActionMask = 2147483647;
			dstPath = "";
			dstSubfolderSpec = 10;
			files = (
				F3D16EC92575299900F7B523 /* TermiNetwork.framework in Embed Frameworks */,
			);
			name = "Embed Frameworks";
			runOnlyForDeploymentPostprocessing = 0;
		};
/* End PBXCopyFilesBuildPhase section */

/* Begin PBXFileReference section */
		F30A2986258783B40046C8E6 /* CryptoMiddleware.swift */ = {isa = PBXFileReference; lastKnownFileType = sourcecode.swift; path = CryptoMiddleware.swift; sourceTree = "<group>"; };
		F30A2989258787320046C8E6 /* MiscRoute.swift */ = {isa = PBXFileReference; lastKnownFileType = sourcecode.swift; path = MiscRoute.swift; sourceTree = "<group>"; };
		F30A298D258788180046C8E6 /* RSEncryptedModel.swift */ = {isa = PBXFileReference; lastKnownFileType = sourcecode.swift; path = RSEncryptedModel.swift; sourceTree = "<group>"; };
		F30A29912587884B0046C8E6 /* EncryptedModelTransformer.swift */ = {isa = PBXFileReference; lastKnownFileType = sourcecode.swift; path = EncryptedModelTransformer.swift; sourceTree = "<group>"; };
		F30A2997258788880046C8E6 /* EncryptedModel.swift */ = {isa = PBXFileReference; lastKnownFileType = sourcecode.swift; path = EncryptedModel.swift; sourceTree = "<group>"; };
		F30B77D525967FE600681359 /* Request+Interceptors.swift */ = {isa = PBXFileReference; lastKnownFileType = sourcecode.swift; path = "Request+Interceptors.swift"; sourceTree = "<group>"; };
		F31126A4257A55E000775D7E /* TestModel.swift */ = {isa = PBXFileReference; lastKnownFileType = sourcecode.swift; path = TestModel.swift; sourceTree = "<group>"; };
		F31126A8257A560200775D7E /* TestUploadTransformer.swift */ = {isa = PBXFileReference; lastKnownFileType = sourcecode.swift; path = TestUploadTransformer.swift; sourceTree = "<group>"; };
		F31126AC257A563600775D7E /* FileResponse.swift */ = {isa = PBXFileReference; lastKnownFileType = sourcecode.swift; path = FileResponse.swift; sourceTree = "<group>"; };
		F3116AA22460A04B00DFE453 /* RequestBodyGenerators.swift */ = {isa = PBXFileReference; fileEncoding = 4; lastKnownFileType = sourcecode.swift; path = RequestBodyGenerators.swift; sourceTree = "<group>"; };
		F3116AA32460A04B00DFE453 /* RequestHelpers.swift */ = {isa = PBXFileReference; fileEncoding = 4; lastKnownFileType = sourcecode.swift; path = RequestHelpers.swift; sourceTree = "<group>"; };
		F3116AA72460A06600DFE453 /* RouteProtocol.swift */ = {isa = PBXFileReference; fileEncoding = 4; lastKnownFileType = sourcecode.swift; path = RouteProtocol.swift; sourceTree = "<group>"; };
		F3116AA82460A06600DFE453 /* RequestMiddlewareProtocol.swift */ = {isa = PBXFileReference; fileEncoding = 4; lastKnownFileType = sourcecode.swift; path = RequestMiddlewareProtocol.swift; sourceTree = "<group>"; };
		F3116AAC2460A09E00DFE453 /* UIImageView+Extensions.swift */ = {isa = PBXFileReference; fileEncoding = 4; lastKnownFileType = sourcecode.swift; path = "UIImageView+Extensions.swift"; sourceTree = "<group>"; };
		F3116AAD2460A09E00DFE453 /* String+Extensions.swift */ = {isa = PBXFileReference; fileEncoding = 4; lastKnownFileType = sourcecode.swift; path = "String+Extensions.swift"; sourceTree = "<group>"; };
		F3116AAE2460A09E00DFE453 /* Request+Mock.swift */ = {isa = PBXFileReference; fileEncoding = 4; lastKnownFileType = sourcecode.swift; path = "Request+Mock.swift"; sourceTree = "<group>"; };
		F3116AAF2460A09E00DFE453 /* URLRequest+Extensions.swift */ = {isa = PBXFileReference; fileEncoding = 4; lastKnownFileType = sourcecode.swift; path = "URLRequest+Extensions.swift"; sourceTree = "<group>"; };
		F3116AB12460A09E00DFE453 /* Request+FileOperations.swift */ = {isa = PBXFileReference; fileEncoding = 4; lastKnownFileType = sourcecode.swift; path = "Request+FileOperations.swift"; sourceTree = "<group>"; };
		F3116AB22460A09E00DFE453 /* Request+DataOperations.swift */ = {isa = PBXFileReference; fileEncoding = 4; lastKnownFileType = sourcecode.swift; path = "Request+DataOperations.swift"; sourceTree = "<group>"; };
		F3116AB32460A09E00DFE453 /* Request+Middleware.swift */ = {isa = PBXFileReference; fileEncoding = 4; lastKnownFileType = sourcecode.swift; path = "Request+Middleware.swift"; sourceTree = "<group>"; };
		F3116AB42460A09E00DFE453 /* Dictionary+Extensions.swift */ = {isa = PBXFileReference; fileEncoding = 4; lastKnownFileType = sourcecode.swift; path = "Dictionary+Extensions.swift"; sourceTree = "<group>"; };
		F3116AB52460A09E00DFE453 /* Data+Extensions.swift */ = {isa = PBXFileReference; fileEncoding = 4; lastKnownFileType = sourcecode.swift; path = "Data+Extensions.swift"; sourceTree = "<group>"; };
		F3116AC22460A91B00DFE453 /* MultipartFormDataHelpers.swift */ = {isa = PBXFileReference; lastKnownFileType = sourcecode.swift; path = MultipartFormDataHelpers.swift; sourceTree = "<group>"; };
		F319682D243D01E1008725CE /* TermiNetwork.framework */ = {isa = PBXFileReference; explicitFileType = wrapper.framework; includeInIndex = 0; path = TermiNetwork.framework; sourceTree = BUILT_PRODUCTS_DIR; };
		F3196830243D01E1008725CE /* TermiNetwork.h */ = {isa = PBXFileReference; lastKnownFileType = sourcecode.c.h; path = TermiNetwork.h; sourceTree = "<group>"; };
		F3196831243D01E1008725CE /* Info.plist */ = {isa = PBXFileReference; lastKnownFileType = text.plist.xml; path = Info.plist; sourceTree = "<group>"; };
		F3196836243D01E1008725CE /* TermiNetworkTests.xctest */ = {isa = PBXFileReference; explicitFileType = wrapper.cfbundle; includeInIndex = 0; path = TermiNetworkTests.xctest; sourceTree = BUILT_PRODUCTS_DIR; };
		F31F8895257A809600D9A802 /* City.swift */ = {isa = PBXFileReference; lastKnownFileType = sourcecode.swift; path = City.swift; sourceTree = "<group>"; };
		F31F8899257A80E100D9A802 /* CitiesTransformer.swift */ = {isa = PBXFileReference; lastKnownFileType = sourcecode.swift; path = CitiesTransformer.swift; sourceTree = "<group>"; };
		F31F88A7257AD39400D9A802 /* Image.swift */ = {isa = PBXFileReference; lastKnownFileType = sourcecode.swift; path = Image.swift; sourceTree = "<group>"; };
		F31F88AE257C040600D9A802 /* Cache.swift */ = {isa = PBXFileReference; lastKnownFileType = sourcecode.swift; path = Cache.swift; sourceTree = "<group>"; };
		F31F88BB257C11C900D9A802 /* UIImage+Extensions.swift */ = {isa = PBXFileReference; lastKnownFileType = sourcecode.swift; path = "UIImage+Extensions.swift"; sourceTree = "<group>"; };
		F31F88C6257CCF5E00D9A802 /* ServiceErrorInterceptor.swift */ = {isa = PBXFileReference; lastKnownFileType = sourcecode.swift; path = ServiceErrorInterceptor.swift; sourceTree = "<group>"; };
		F31F88D3257CDA7700D9A802 /* DemoApp.swift */ = {isa = PBXFileReference; lastKnownFileType = sourcecode.swift; path = DemoApp.swift; sourceTree = "<group>"; };
		F3211EC5258019280085E873 /* EncryptedCommunicationView.swift */ = {isa = PBXFileReference; lastKnownFileType = sourcecode.swift; path = EncryptedCommunicationView.swift; sourceTree = "<group>"; };
		F32195B225782E1A000941F1 /* InterceptorProtocol.swift */ = {isa = PBXFileReference; lastKnownFileType = sourcecode.swift; path = InterceptorProtocol.swift; sourceTree = "<group>"; };
		F32195B725783ED0000941F1 /* GlobalInterceptor.swift */ = {isa = PBXFileReference; lastKnownFileType = sourcecode.swift; path = GlobalInterceptor.swift; sourceTree = "<group>"; };
		F32C3D12243E499E004497BC /* TestPinning.swift */ = {isa = PBXFileReference; lastKnownFileType = sourcecode.swift; path = TestPinning.swift; sourceTree = "<group>"; };
		F3309DB3258AA05700BB018D /* Launch Screen.storyboard */ = {isa = PBXFileReference; lastKnownFileType = file.storyboard; path = "Launch Screen.storyboard"; sourceTree = "<group>"; };
		F3319E9B246AD71C00D94AFE /* MultipartFormDataPartType.swift */ = {isa = PBXFileReference; lastKnownFileType = sourcecode.swift; path = MultipartFormDataPartType.swift; sourceTree = "<group>"; };
		F333429925792E9D0087BDBA /* ErrorModel.swift */ = {isa = PBXFileReference; lastKnownFileType = sourcecode.swift; path = ErrorModel.swift; sourceTree = "<group>"; };
		F33684D3246692E400C64471 /* photo.jpg */ = {isa = PBXFileReference; lastKnownFileType = image.jpeg; path = photo.jpg; sourceTree = "<group>"; };
		F33ACF4C2587F904004DAC46 /* Request+ResponseHeaders.swift */ = {isa = PBXFileReference; lastKnownFileType = sourcecode.swift; path = "Request+ResponseHeaders.swift"; sourceTree = "<group>"; };
		F33ACF5325880A0F004DAC46 /* FileDownloader.swift */ = {isa = PBXFileReference; lastKnownFileType = sourcecode.swift; path = FileDownloader.swift; sourceTree = "<group>"; };
		F33ACF5E25880ABD004DAC46 /* UIHelpers.swift */ = {isa = PBXFileReference; lastKnownFileType = sourcecode.swift; path = UIHelpers.swift; sourceTree = "<group>"; };
		F34BA6712590E63D007CE8D6 /* CertificatePinningManager.swift */ = {isa = PBXFileReference; lastKnownFileType = sourcecode.swift; path = CertificatePinningManager.swift; sourceTree = "<group>"; };
		F3556064257401330047D46D /* TestDownloadOperations.swift */ = {isa = PBXFileReference; lastKnownFileType = sourcecode.swift; path = TestDownloadOperations.swift; sourceTree = "<group>"; };
		F3556079257527C20047D46D /* TermiNetworkExamplesApp.swift */ = {isa = PBXFileReference; lastKnownFileType = sourcecode.swift; path = TermiNetworkExamplesApp.swift; sourceTree = "<group>"; };
		F355607A257527C20047D46D /* ContentView.swift */ = {isa = PBXFileReference; lastKnownFileType = sourcecode.swift; path = ContentView.swift; sourceTree = "<group>"; };
		F355607B257527C40047D46D /* Assets.xcassets */ = {isa = PBXFileReference; lastKnownFileType = folder.assetcatalog; path = Assets.xcassets; sourceTree = "<group>"; };
		F3556080257527C40047D46D /* TermiNetworkExamples.app */ = {isa = PBXFileReference; explicitFileType = wrapper.application; includeInIndex = 0; path = TermiNetworkExamples.app; sourceTree = BUILT_PRODUCTS_DIR; };
		F3556082257527C40047D46D /* Info.plist */ = {isa = PBXFileReference; lastKnownFileType = text.plist.xml; path = Info.plist; sourceTree = "<group>"; };
		F35B533924422FAE00C1853A /* TestConfiguration.swift */ = {isa = PBXFileReference; lastKnownFileType = sourcecode.swift; path = TestConfiguration.swift; sourceTree = "<group>"; };
		F35B533D2443325400C1853A /* MockData.bundle */ = {isa = PBXFileReference; lastKnownFileType = "wrapper.plug-in"; path = MockData.bundle; sourceTree = "<group>"; };
		F35B533F24439FAC00C1853A /* TestMockRequest.swift */ = {isa = PBXFileReference; lastKnownFileType = sourcecode.swift; path = TestMockRequest.swift; sourceTree = "<group>"; };
		F363507F25894A80002AF5DE /* FileUploader.swift */ = {isa = PBXFileReference; lastKnownFileType = sourcecode.swift; path = FileUploader.swift; sourceTree = "<group>"; };
		F37014B22598FCC80022B7D6 /* UnauthorizedInterceptor.swift */ = {isa = PBXFileReference; lastKnownFileType = sourcecode.swift; path = UnauthorizedInterceptor.swift; sourceTree = "<group>"; };
		F37A17F3257D2953003EFB1F /* CityExplorerDetails.swift */ = {isa = PBXFileReference; lastKnownFileType = sourcecode.swift; path = CityExplorerDetails.swift; sourceTree = "<group>"; };
		F37A17F9257D2A83003EFB1F /* CityTransformer.swift */ = {isa = PBXFileReference; lastKnownFileType = sourcecode.swift; path = CityTransformer.swift; sourceTree = "<group>"; };
		F37A17FD257D49A8003EFB1F /* MockData.bundle */ = {isa = PBXFileReference; lastKnownFileType = "wrapper.plug-in"; path = MockData.bundle; sourceTree = "<group>"; };
		F37C5F6224589E26005BF48B /* SessionTaskFactory.swift */ = {isa = PBXFileReference; lastKnownFileType = sourcecode.swift; path = SessionTaskFactory.swift; sourceTree = "<group>"; };
		F383AE9A257ECC0700DE43FA /* CertificatePinningView.swift */ = {isa = PBXFileReference; lastKnownFileType = sourcecode.swift; path = CertificatePinningView.swift; sourceTree = "<group>"; };
		F383AEAB257ED51500DE43FA /* forums.swift.org.cer */ = {isa = PBXFileReference; lastKnownFileType = file; name = forums.swift.org.cer; path = Tests/forums.swift.org.cer; sourceTree = SOURCE_ROOT; };
		F383AEAC257ED51500DE43FA /* herokuapp.com.cer */ = {isa = PBXFileReference; lastKnownFileType = file; name = herokuapp.com.cer; path = Tests/herokuapp.com.cer; sourceTree = SOURCE_ROOT; };
		F3850C79243D103700F7CC13 /* TestExtensions.swift */ = {isa = PBXFileReference; fileEncoding = 4; lastKnownFileType = sourcecode.swift; path = TestExtensions.swift; sourceTree = "<group>"; };
		F3850C7A243D103700F7CC13 /* Env.swift */ = {isa = PBXFileReference; fileEncoding = 4; lastKnownFileType = sourcecode.swift; path = Env.swift; sourceTree = "<group>"; };
		F3850C7B243D103700F7CC13 /* TestQueue.swift */ = {isa = PBXFileReference; fileEncoding = 4; lastKnownFileType = sourcecode.swift; path = TestQueue.swift; sourceTree = "<group>"; };
		F3850C7C243D103700F7CC13 /* TestEnvironment.swift */ = {isa = PBXFileReference; fileEncoding = 4; lastKnownFileType = sourcecode.swift; path = TestEnvironment.swift; sourceTree = "<group>"; };
		F3850C7D243D103700F7CC13 /* APIRoute.swift */ = {isa = PBXFileReference; fileEncoding = 4; lastKnownFileType = sourcecode.swift; path = APIRoute.swift; sourceTree = "<group>"; };
		F3850C7F243D103700F7CC13 /* TestParams.swift */ = {isa = PBXFileReference; fileEncoding = 4; lastKnownFileType = sourcecode.swift; path = TestParams.swift; sourceTree = "<group>"; };
		F3850C80243D103700F7CC13 /* TestJSONParams.swift */ = {isa = PBXFileReference; fileEncoding = 4; lastKnownFileType = sourcecode.swift; path = TestJSONParams.swift; sourceTree = "<group>"; };
		F3850C81243D103700F7CC13 /* TestHeaders.swift */ = {isa = PBXFileReference; fileEncoding = 4; lastKnownFileType = sourcecode.swift; path = TestHeaders.swift; sourceTree = "<group>"; };
		F3850C83243D103700F7CC13 /* forums.swift.org.cer */ = {isa = PBXFileReference; lastKnownFileType = file; path = forums.swift.org.cer; sourceTree = "<group>"; };
		F3850C84243D103700F7CC13 /* TestRequest.swift */ = {isa = PBXFileReference; fileEncoding = 4; lastKnownFileType = sourcecode.swift; path = TestRequest.swift; sourceTree = "<group>"; };
		F3850C85243D103700F7CC13 /* Info.plist */ = {isa = PBXFileReference; fileEncoding = 4; lastKnownFileType = text.plist.xml; path = Info.plist; sourceTree = "<group>"; };
		F3850C86243D103700F7CC13 /* TestTNErrors.swift */ = {isa = PBXFileReference; fileEncoding = 4; lastKnownFileType = sourcecode.swift; path = TestTNErrors.swift; sourceTree = "<group>"; };
		F3850C96243D104900F7CC13 /* Router.swift */ = {isa = PBXFileReference; fileEncoding = 4; lastKnownFileType = sourcecode.swift; path = Router.swift; sourceTree = "<group>"; };
		F3850C98243D104900F7CC13 /* Session.swift */ = {isa = PBXFileReference; fileEncoding = 4; lastKnownFileType = sourcecode.swift; path = Session.swift; sourceTree = "<group>"; };
		F3850C9A243D104900F7CC13 /* Path.swift */ = {isa = PBXFileReference; fileEncoding = 4; lastKnownFileType = sourcecode.swift; path = Path.swift; sourceTree = "<group>"; };
		F3850C9B243D104900F7CC13 /* TNError.swift */ = {isa = PBXFileReference; fileEncoding = 4; lastKnownFileType = sourcecode.swift; path = TNError.swift; sourceTree = "<group>"; };
		F3850C9C243D104900F7CC13 /* Operation.swift */ = {isa = PBXFileReference; fileEncoding = 4; lastKnownFileType = sourcecode.swift; path = Operation.swift; sourceTree = "<group>"; };
		F3850C9D243D104900F7CC13 /* Log.swift */ = {isa = PBXFileReference; fileEncoding = 4; lastKnownFileType = sourcecode.swift; path = Log.swift; sourceTree = "<group>"; };
		F3850C9E243D104900F7CC13 /* Configuration.swift */ = {isa = PBXFileReference; fileEncoding = 4; lastKnownFileType = sourcecode.swift; path = Configuration.swift; sourceTree = "<group>"; };
		F3850C9F243D104900F7CC13 /* Queue.swift */ = {isa = PBXFileReference; fileEncoding = 4; lastKnownFileType = sourcecode.swift; path = Queue.swift; sourceTree = "<group>"; };
		F3850CA0243D104900F7CC13 /* Request.swift */ = {isa = PBXFileReference; fileEncoding = 4; lastKnownFileType = sourcecode.swift; path = Request.swift; sourceTree = "<group>"; };
		F3850CA3243D104900F7CC13 /* Environment.swift */ = {isa = PBXFileReference; fileEncoding = 4; lastKnownFileType = sourcecode.swift; path = Environment.swift; sourceTree = "<group>"; };
		F387B0E72579501000A8C0C7 /* Decodable+Transformer.swift */ = {isa = PBXFileReference; lastKnownFileType = sourcecode.swift; path = "Decodable+Transformer.swift"; sourceTree = "<group>"; };
		F387B0EC2579531200A8C0C7 /* TestTransformer.swift */ = {isa = PBXFileReference; lastKnownFileType = sourcecode.swift; path = TestTransformer.swift; sourceTree = "<group>"; };
		F387B0F6257958EB00A8C0C7 /* TestTransformers.swift */ = {isa = PBXFileReference; lastKnownFileType = sourcecode.swift; path = TestTransformers.swift; sourceTree = "<group>"; };
		F38F349125896AFF00D5BB17 /* FileUploadTransformer.swift */ = {isa = PBXFileReference; lastKnownFileType = sourcecode.swift; path = FileUploadTransformer.swift; sourceTree = "<group>"; };
		F38F349525896B2300D5BB17 /* RSFileResponse.swift */ = {isa = PBXFileReference; lastKnownFileType = sourcecode.swift; path = RSFileResponse.swift; sourceTree = "<group>"; };
		F38F349B25896B2B00D5BB17 /* FileResponse.swift */ = {isa = PBXFileReference; lastKnownFileType = sourcecode.swift; path = FileResponse.swift; sourceTree = "<group>"; };
		F38F34A125896ED500D5BB17 /* FileUploaderUtils.swift */ = {isa = PBXFileReference; lastKnownFileType = sourcecode.swift; path = FileUploaderUtils.swift; sourceTree = "<group>"; };
		F397EC9D244F65730082E12D /* CryptoMiddleware.swift */ = {isa = PBXFileReference; lastKnownFileType = sourcecode.swift; path = CryptoMiddleware.swift; sourceTree = "<group>"; };
		F397ECA0244F76300082E12D /* EncryptedModel.swift */ = {isa = PBXFileReference; lastKnownFileType = sourcecode.swift; path = EncryptedModel.swift; sourceTree = "<group>"; };
		F3A0BC07257692E6005139D5 /* DemoEnvironment.swift */ = {isa = PBXFileReference; lastKnownFileType = sourcecode.swift; path = DemoEnvironment.swift; sourceTree = "<group>"; };
		F3A0BC12257693D2005139D5 /* AppDelegate.swift */ = {isa = PBXFileReference; lastKnownFileType = sourcecode.swift; path = AppDelegate.swift; sourceTree = "<group>"; };
		F3A0BC1B25769453005139D5 /* CityRoute.swift */ = {isa = PBXFileReference; lastKnownFileType = sourcecode.swift; path = CityRoute.swift; sourceTree = "<group>"; };
		F3A0BC23257694F7005139D5 /* RSCity.swift */ = {isa = PBXFileReference; lastKnownFileType = sourcecode.swift; path = RSCity.swift; sourceTree = "<group>"; };
		F3A4B14725968ED0004812B6 /* Request+NSCopying.swift */ = {isa = PBXFileReference; lastKnownFileType = sourcecode.swift; path = "Request+NSCopying.swift"; sourceTree = "<group>"; };
		F3A4B14B2596963C004812B6 /* TestInterceptors.swift */ = {isa = PBXFileReference; lastKnownFileType = sourcecode.swift; path = TestInterceptors.swift; sourceTree = "<group>"; };
		F3AA5131256EA13E00D64D31 /* FileStreamer.swift */ = {isa = PBXFileReference; lastKnownFileType = sourcecode.swift; path = FileStreamer.swift; sourceTree = "<group>"; };
		F3AA5146256EF53000D64D31 /* TestHelpers.swift */ = {isa = PBXFileReference; lastKnownFileType = sourcecode.swift; path = TestHelpers.swift; sourceTree = "<group>"; };
		F3AF556825987256000E01D8 /* DoNothingInterceptor.swift */ = {isa = PBXFileReference; lastKnownFileType = sourcecode.swift; path = DoNothingInterceptor.swift; sourceTree = "<group>"; };
		F3B0F35A250A3121009FF4D0 /* herokuapp.com.cer */ = {isa = PBXFileReference; lastKnownFileType = file; path = herokuapp.com.cer; sourceTree = "<group>"; };
		F3F255E8244C33B800517BF7 /* RouteConfiguration.swift */ = {isa = PBXFileReference; lastKnownFileType = sourcecode.swift; path = RouteConfiguration.swift; sourceTree = "<group>"; };
		F3F48287245EBE8000656449 /* TestUploadOperations.swift */ = {isa = PBXFileReference; lastKnownFileType = sourcecode.swift; path = TestUploadOperations.swift; sourceTree = "<group>"; };
		F3F4828C245EE58C00656449 /* MultipartFormDataStream.swift */ = {isa = PBXFileReference; lastKnownFileType = sourcecode.swift; path = MultipartFormDataStream.swift; sourceTree = "<group>"; };
		F3F9709425758C0B0045138A /* CityExplorerView.swift */ = {isa = PBXFileReference; lastKnownFileType = sourcecode.swift; path = CityExplorerView.swift; sourceTree = "<group>"; };
/* End PBXFileReference section */

/* Begin PBXFrameworksBuildPhase section */
		F319682A243D01E1008725CE /* Frameworks */ = {
			isa = PBXFrameworksBuildPhase;
			buildActionMask = 2147483647;
			files = (
			);
			runOnlyForDeploymentPostprocessing = 0;
		};
		F3196833243D01E1008725CE /* Frameworks */ = {
			isa = PBXFrameworksBuildPhase;
			buildActionMask = 2147483647;
			files = (
				F3196837243D01E1008725CE /* TermiNetwork.framework in Frameworks */,
				F3309DBF258ABF1200BB018D /* CryptoSwift in Frameworks */,
			);
			runOnlyForDeploymentPostprocessing = 0;
		};
		F355607D257527C40047D46D /* Frameworks */ = {
			isa = PBXFrameworksBuildPhase;
			buildActionMask = 2147483647;
			files = (
				F3D16EC82575299900F7B523 /* TermiNetwork.framework in Frameworks */,
				F3309DE7258AC45800BB018D /* CryptoSwift in Frameworks */,
			);
			runOnlyForDeploymentPostprocessing = 0;
		};
/* End PBXFrameworksBuildPhase section */

/* Begin PBXGroup section */
		F30A2985258783970046C8E6 /* Middlewares */ = {
			isa = PBXGroup;
			children = (
				F30A2986258783B40046C8E6 /* CryptoMiddleware.swift */,
			);
			path = Middlewares;
			sourceTree = "<group>";
		};
		F31126B0257A563F00775D7E /* Domain */ = {
			isa = PBXGroup;
			children = (
				F31126A4257A55E000775D7E /* TestModel.swift */,
			);
			path = Domain;
			sourceTree = "<group>";
		};
		F31126B1257A564700775D7E /* Rest */ = {
			isa = PBXGroup;
			children = (
				F3850C7F243D103700F7CC13 /* TestParams.swift */,
				F3850C80243D103700F7CC13 /* TestJSONParams.swift */,
				F3850C81243D103700F7CC13 /* TestHeaders.swift */,
				F397ECA0244F76300082E12D /* EncryptedModel.swift */,
				F333429925792E9D0087BDBA /* ErrorModel.swift */,
				F31126AC257A563600775D7E /* FileResponse.swift */,
			);
			path = Rest;
			sourceTree = "<group>";
		};
		F3116AA12460A04B00DFE453 /* Helpers */ = {
			isa = PBXGroup;
			children = (
				F3116AA22460A04B00DFE453 /* RequestBodyGenerators.swift */,
				F3116AA32460A04B00DFE453 /* RequestHelpers.swift */,
				F3116AC22460A91B00DFE453 /* MultipartFormDataHelpers.swift */,
			);
			path = Helpers;
			sourceTree = "<group>";
		};
		F3116AA62460A06600DFE453 /* Protocols */ = {
			isa = PBXGroup;
			children = (
				F3116AA72460A06600DFE453 /* RouteProtocol.swift */,
				F3116AA82460A06600DFE453 /* RequestMiddlewareProtocol.swift */,
				F32195B225782E1A000941F1 /* InterceptorProtocol.swift */,
			);
			path = Protocols;
			sourceTree = "<group>";
		};
		F3116AAB2460A09E00DFE453 /* Extensions */ = {
			isa = PBXGroup;
			children = (
				F3116AB02460A09E00DFE453 /* Operations */,
				F3116AAD2460A09E00DFE453 /* String+Extensions.swift */,
				F3116AAF2460A09E00DFE453 /* URLRequest+Extensions.swift */,
				F3116AB32460A09E00DFE453 /* Request+Middleware.swift */,
				F3116AAE2460A09E00DFE453 /* Request+Mock.swift */,
				F33ACF4C2587F904004DAC46 /* Request+ResponseHeaders.swift */,
				F30B77D525967FE600681359 /* Request+Interceptors.swift */,
				F3A4B14725968ED0004812B6 /* Request+NSCopying.swift */,
				F3116AB42460A09E00DFE453 /* Dictionary+Extensions.swift */,
				F3116AB52460A09E00DFE453 /* Data+Extensions.swift */,
				F3116AAC2460A09E00DFE453 /* UIImageView+Extensions.swift */,
				F31F88BB257C11C900D9A802 /* UIImage+Extensions.swift */,
			);
			path = Extensions;
			sourceTree = "<group>";
		};
		F3116AB02460A09E00DFE453 /* Operations */ = {
			isa = PBXGroup;
			children = (
				F3116AB12460A09E00DFE453 /* Request+FileOperations.swift */,
				F3116AB22460A09E00DFE453 /* Request+DataOperations.swift */,
				F387B0E72579501000A8C0C7 /* Decodable+Transformer.swift */,
			);
			path = Operations;
			sourceTree = "<group>";
		};
		F3196823243D01E1008725CE = {
			isa = PBXGroup;
			children = (
				F319682F243D01E1008725CE /* TermiNetwork */,
				F3850C78243D103700F7CC13 /* Tests */,
				F3D16EB32575285600F7B523 /* Examples */,
				F319682E243D01E1008725CE /* Products */,
				F3D16EC72575299900F7B523 /* Frameworks */,
			);
			sourceTree = "<group>";
		};
		F319682E243D01E1008725CE /* Products */ = {
			isa = PBXGroup;
			children = (
				F319682D243D01E1008725CE /* TermiNetwork.framework */,
				F3196836243D01E1008725CE /* TermiNetworkTests.xctest */,
				F3556080257527C40047D46D /* TermiNetworkExamples.app */,
			);
			name = Products;
			sourceTree = "<group>";
		};
		F319682F243D01E1008725CE /* TermiNetwork */ = {
			isa = PBXGroup;
			children = (
				F3850C94243D104900F7CC13 /* Source */,
				F319684A243D02C0008725CE /* Supporting Files */,
			);
			path = TermiNetwork;
			sourceTree = "<group>";
		};
		F319684A243D02C0008725CE /* Supporting Files */ = {
			isa = PBXGroup;
			children = (
				F3196830243D01E1008725CE /* TermiNetwork.h */,
				F3196831243D01E1008725CE /* Info.plist */,
			);
			name = "Supporting Files";
			sourceTree = "<group>";
		};
		F31F8890257A807300D9A802 /* Transformers */ = {
			isa = PBXGroup;
			children = (
				F31F8899257A80E100D9A802 /* CitiesTransformer.swift */,
				F37A17F9257D2A83003EFB1F /* CityTransformer.swift */,
				F38F349125896AFF00D5BB17 /* FileUploadTransformer.swift */,
				F30A29912587884B0046C8E6 /* EncryptedModelTransformer.swift */,
			);
			path = Transformers;
			sourceTree = "<group>";
		};
		F31F8891257A807A00D9A802 /* Rest */ = {
			isa = PBXGroup;
			children = (
				F38F349525896B2300D5BB17 /* RSFileResponse.swift */,
				F30A298D258788180046C8E6 /* RSEncryptedModel.swift */,
				F3A0BC23257694F7005139D5 /* RSCity.swift */,
			);
			path = Rest;
			sourceTree = "<group>";
		};
		F31F8892257A807D00D9A802 /* Domain */ = {
			isa = PBXGroup;
			children = (
				F31F8895257A809600D9A802 /* City.swift */,
				F30A2997258788880046C8E6 /* EncryptedModel.swift */,
				F38F349B25896B2B00D5BB17 /* FileResponse.swift */,
			);
			path = Domain;
			sourceTree = "<group>";
		};
		F31F88AB257AEB3800D9A802 /* SwiftUI */ = {
			isa = PBXGroup;
			children = (
				F31F88A7257AD39400D9A802 /* Image.swift */,
			);
			path = SwiftUI;
			sourceTree = "<group>";
		};
		F31F88C5257CCF4800D9A802 /* Interceptors */ = {
			isa = PBXGroup;
			children = (
				F31F88C6257CCF5E00D9A802 /* ServiceErrorInterceptor.swift */,
			);
			path = Interceptors;
			sourceTree = "<group>";
		};
		F3211EC4258018E40085E873 /* Encrypted Communication */ = {
			isa = PBXGroup;
			children = (
				F3211EC5258019280085E873 /* EncryptedCommunicationView.swift */,
			);
			path = "Encrypted Communication";
			sourceTree = "<group>";
		};
		F32195B625783EBB000941F1 /* Interceptors */ = {
			isa = PBXGroup;
			children = (
				F32195B725783ED0000941F1 /* GlobalInterceptor.swift */,
				F3AF556825987256000E01D8 /* DoNothingInterceptor.swift */,
				F37014B22598FCC80022B7D6 /* UnauthorizedInterceptor.swift */,
			);
			name = Interceptors;
			sourceTree = "<group>";
		};
		F32C3D14243E49D0004497BC /* Supporting Files */ = {
			isa = PBXGroup;
			children = (
				F3850C85243D103700F7CC13 /* Info.plist */,
			);
			name = "Supporting Files";
			sourceTree = "<group>";
		};
		F33ACF52258809FB004DAC46 /* File Downloader */ = {
			isa = PBXGroup;
			children = (
				F33ACF5325880A0F004DAC46 /* FileDownloader.swift */,
			);
			path = "File Downloader";
			sourceTree = "<group>";
		};
		F3556078257527C20047D46D /* Screens */ = {
			isa = PBXGroup;
			children = (
				F363507E25894A77002AF5DE /* File Uploader */,
				F33ACF52258809FB004DAC46 /* File Downloader */,
				F3211EC4258018E40085E873 /* Encrypted Communication */,
				F383AE99257ECBF900DE43FA /* Pinning */,
				F37A17F0257D2927003EFB1F /* City Explorer */,
				F33ACF5E25880ABD004DAC46 /* UIHelpers.swift */,
				F31F88D3257CDA7700D9A802 /* DemoApp.swift */,
				F3556079257527C20047D46D /* TermiNetworkExamplesApp.swift */,
				F355607A257527C20047D46D /* ContentView.swift */,
				F3A0BC12257693D2005139D5 /* AppDelegate.swift */,
			);
			path = Screens;
			sourceTree = "<group>";
		};
		F363507E25894A77002AF5DE /* File Uploader */ = {
			isa = PBXGroup;
			children = (
				F363507F25894A80002AF5DE /* FileUploader.swift */,
				F38F34A125896ED500D5BB17 /* FileUploaderUtils.swift */,
			);
			path = "File Uploader";
			sourceTree = "<group>";
		};
		F37A17F0257D2927003EFB1F /* City Explorer */ = {
			isa = PBXGroup;
			children = (
				F3F9709425758C0B0045138A /* CityExplorerView.swift */,
				F37A17F3257D2953003EFB1F /* CityExplorerDetails.swift */,
			);
			path = "City Explorer";
			sourceTree = "<group>";
		};
		F383AE99257ECBF900DE43FA /* Pinning */ = {
			isa = PBXGroup;
			children = (
				F383AE9A257ECC0700DE43FA /* CertificatePinningView.swift */,
			);
			path = Pinning;
			sourceTree = "<group>";
		};
		F3850C78243D103700F7CC13 /* Tests */ = {
			isa = PBXGroup;
			children = (
				F387B0FA2579590C00A8C0C7 /* Communication */,
				F387B0EB257952FB00A8C0C7 /* Transformers */,
				F32195B625783EBB000941F1 /* Interceptors */,
				F3F48286245EBE6800656449 /* Data Operations */,
				F397EC97244F60E10082E12D /* Middlewares */,
				F32C3D14243E49D0004497BC /* Supporting Files */,
				F3850CB7243DAD2300F7CC13 /* Resources */,
				F3850C7E243D103700F7CC13 /* Models */,
				F3850C79243D103700F7CC13 /* TestExtensions.swift */,
				F3850C7B243D103700F7CC13 /* TestQueue.swift */,
				F3850C7C243D103700F7CC13 /* TestEnvironment.swift */,
				F3850C84243D103700F7CC13 /* TestRequest.swift */,
				F3850C86243D103700F7CC13 /* TestTNErrors.swift */,
				F35B533924422FAE00C1853A /* TestConfiguration.swift */,
				F35B533F24439FAC00C1853A /* TestMockRequest.swift */,
				F32C3D12243E499E004497BC /* TestPinning.swift */,
				F387B0F6257958EB00A8C0C7 /* TestTransformers.swift */,
				F3A4B14B2596963C004812B6 /* TestInterceptors.swift */,
				F3AA5146256EF53000D64D31 /* TestHelpers.swift */,
			);
			path = Tests;
			sourceTree = "<group>";
		};
		F3850C7E243D103700F7CC13 /* Models */ = {
			isa = PBXGroup;
			children = (
				F31126B1257A564700775D7E /* Rest */,
				F31126B0257A563F00775D7E /* Domain */,
			);
			path = Models;
			sourceTree = "<group>";
		};
		F3850C94243D104900F7CC13 /* Source */ = {
			isa = PBXGroup;
			children = (
				F31F88AB257AEB3800D9A802 /* SwiftUI */,
				F3116AA12460A04B00DFE453 /* Helpers */,
				F3116AA62460A06600DFE453 /* Protocols */,
				F3116AAB2460A09E00DFE453 /* Extensions */,
				F3850CA3243D104900F7CC13 /* Environment.swift */,
				F3850CA0243D104900F7CC13 /* Request.swift */,
				F3850C9E243D104900F7CC13 /* Configuration.swift */,
				F3850C96243D104900F7CC13 /* Router.swift */,
				F3F255E8244C33B800517BF7 /* RouteConfiguration.swift */,
				F3850C9F243D104900F7CC13 /* Queue.swift */,
				F3850C98243D104900F7CC13 /* Session.swift */,
				F3850C9B243D104900F7CC13 /* TNError.swift */,
				F3850C9C243D104900F7CC13 /* Operation.swift */,
				F3850C9A243D104900F7CC13 /* Path.swift */,
				F37C5F6224589E26005BF48B /* SessionTaskFactory.swift */,
				F3F4828C245EE58C00656449 /* MultipartFormDataStream.swift */,
				F3319E9B246AD71C00D94AFE /* MultipartFormDataPartType.swift */,
				F34BA6712590E63D007CE8D6 /* CertificatePinningManager.swift */,
				F3AA5131256EA13E00D64D31 /* FileStreamer.swift */,
				F31F88AE257C040600D9A802 /* Cache.swift */,
				F3850C9D243D104900F7CC13 /* Log.swift */,
			);
			path = Source;
			sourceTree = SOURCE_ROOT;
		};
		F3850CB7243DAD2300F7CC13 /* Resources */ = {
			isa = PBXGroup;
			children = (
				F35B533D2443325400C1853A /* MockData.bundle */,
				F3B0F35A250A3121009FF4D0 /* herokuapp.com.cer */,
				F33684D3246692E400C64471 /* photo.jpg */,
				F3850C83243D103700F7CC13 /* forums.swift.org.cer */,
			);
			name = Resources;
			sourceTree = "<group>";
		};
		F387B0EB257952FB00A8C0C7 /* Transformers */ = {
			isa = PBXGroup;
			children = (
				F387B0EC2579531200A8C0C7 /* TestTransformer.swift */,
				F31126A8257A560200775D7E /* TestUploadTransformer.swift */,
			);
			name = Transformers;
			sourceTree = "<group>";
		};
		F387B0FA2579590C00A8C0C7 /* Communication */ = {
			isa = PBXGroup;
			children = (
				F3850C7A243D103700F7CC13 /* Env.swift */,
				F3850C7D243D103700F7CC13 /* APIRoute.swift */,
			);
			name = Communication;
			sourceTree = "<group>";
		};
		F397EC97244F60E10082E12D /* Middlewares */ = {
			isa = PBXGroup;
			children = (
				F397EC9D244F65730082E12D /* CryptoMiddleware.swift */,
			);
			name = Middlewares;
			sourceTree = "<group>";
		};
		F3A0BC06257692D7005139D5 /* Communication */ = {
			isa = PBXGroup;
			children = (
				F31F88C5257CCF4800D9A802 /* Interceptors */,
				F3A0BC22257694E2005139D5 /* Models */,
				F30A2985258783970046C8E6 /* Middlewares */,
				F31F8890257A807300D9A802 /* Transformers */,
				F3A0BC21257694DC005139D5 /* Routers */,
				F3A0BC07257692E6005139D5 /* DemoEnvironment.swift */,
			);
			path = Communication;
			sourceTree = "<group>";
		};
		F3A0BC21257694DC005139D5 /* Routers */ = {
			isa = PBXGroup;
			children = (
				F3A0BC1B25769453005139D5 /* CityRoute.swift */,
				F30A2989258787320046C8E6 /* MiscRoute.swift */,
			);
			path = Routers;
			sourceTree = "<group>";
		};
		F3A0BC22257694E2005139D5 /* Models */ = {
			isa = PBXGroup;
			children = (
				F31F8892257A807D00D9A802 /* Domain */,
				F31F8891257A807A00D9A802 /* Rest */,
			);
			path = Models;
			sourceTree = "<group>";
		};
		F3D16EB32575285600F7B523 /* Examples */ = {
			isa = PBXGroup;
			children = (
				F3A0BC06257692D7005139D5 /* Communication */,
				F3556078257527C20047D46D /* Screens */,
				F3D16EB42575288100F7B523 /* Supporting Files */,
			);
			path = Examples;
			sourceTree = "<group>";
		};
		F3D16EB42575288100F7B523 /* Supporting Files */ = {
			isa = PBXGroup;
			children = (
				F3309DB3258AA05700BB018D /* Launch Screen.storyboard */,
				F383AEAB257ED51500DE43FA /* forums.swift.org.cer */,
				F383AEAC257ED51500DE43FA /* herokuapp.com.cer */,
				F355607B257527C40047D46D /* Assets.xcassets */,
				F3556082257527C40047D46D /* Info.plist */,
				F37A17FD257D49A8003EFB1F /* MockData.bundle */,
			);
			path = "Supporting Files";
			sourceTree = "<group>";
		};
		F3D16EC72575299900F7B523 /* Frameworks */ = {
			isa = PBXGroup;
			children = (
			);
			name = Frameworks;
			sourceTree = "<group>";
		};
		F3F48286245EBE6800656449 /* Data Operations */ = {
			isa = PBXGroup;
			children = (
				F3556064257401330047D46D /* TestDownloadOperations.swift */,
				F3F48287245EBE8000656449 /* TestUploadOperations.swift */,
			);
			name = "Data Operations";
			sourceTree = "<group>";
		};
/* End PBXGroup section */

/* Begin PBXHeadersBuildPhase section */
		F3196828243D01E1008725CE /* Headers */ = {
			isa = PBXHeadersBuildPhase;
			buildActionMask = 2147483647;
			files = (
				F319683E243D01E1008725CE /* TermiNetwork.h in Headers */,
			);
			runOnlyForDeploymentPostprocessing = 0;
		};
/* End PBXHeadersBuildPhase section */

/* Begin PBXNativeTarget section */
		F319682C243D01E1008725CE /* TermiNetwork */ = {
			isa = PBXNativeTarget;
			buildConfigurationList = F3196841243D01E1008725CE /* Build configuration list for PBXNativeTarget "TermiNetwork" */;
			buildPhases = (
				F3196828243D01E1008725CE /* Headers */,
				F3196829243D01E1008725CE /* Sources */,
				F319682A243D01E1008725CE /* Frameworks */,
				F319682B243D01E1008725CE /* Resources */,
				F3196884243D08FD008725CE /* ShellScript */,
			);
			buildRules = (
			);
			dependencies = (
			);
			name = TermiNetwork;
			packageProductDependencies = (
			);
			productName = TermiNetwork;
			productReference = F319682D243D01E1008725CE /* TermiNetwork.framework */;
			productType = "com.apple.product-type.framework";
		};
		F3196835243D01E1008725CE /* TermiNetworkTests */ = {
			isa = PBXNativeTarget;
			buildConfigurationList = F3196844243D01E1008725CE /* Build configuration list for PBXNativeTarget "TermiNetworkTests" */;
			buildPhases = (
				F3196832243D01E1008725CE /* Sources */,
				F3196833243D01E1008725CE /* Frameworks */,
				F3196834243D01E1008725CE /* Resources */,
				F3196885243D0904008725CE /* ShellScript */,
			);
			buildRules = (
			);
			dependencies = (
				F3196839243D01E1008725CE /* PBXTargetDependency */,
			);
			name = TermiNetworkTests;
			packageProductDependencies = (
				F3309DBE258ABF1200BB018D /* CryptoSwift */,
			);
			productName = TermiNetworkTests;
			productReference = F3196836243D01E1008725CE /* TermiNetworkTests.xctest */;
			productType = "com.apple.product-type.bundle.unit-test";
		};
		F355607F257527C40047D46D /* TermiNetworkExamples (iOS) */ = {
			isa = PBXNativeTarget;
			buildConfigurationList = F3556095257527C40047D46D /* Build configuration list for PBXNativeTarget "TermiNetworkExamples (iOS)" */;
			buildPhases = (
				F355607C257527C40047D46D /* Sources */,
				F355607D257527C40047D46D /* Frameworks */,
				F355607E257527C40047D46D /* Resources */,
				F3D16ECC2575299A00F7B523 /* Embed Frameworks */,
			);
			buildRules = (
			);
			dependencies = (
				F3D16ECB2575299A00F7B523 /* PBXTargetDependency */,
			);
			name = "TermiNetworkExamples (iOS)";
			packageProductDependencies = (
				F3309DE6258AC45800BB018D /* CryptoSwift */,
			);
			productName = "TermiNetworkExamples (iOS)";
			productReference = F3556080257527C40047D46D /* TermiNetworkExamples.app */;
			productType = "com.apple.product-type.application";
		};
/* End PBXNativeTarget section */

/* Begin PBXProject section */
		F3196824243D01E1008725CE /* Project object */ = {
			isa = PBXProject;
			attributes = {
				LastSwiftUpdateCheck = 1220;
				LastUpgradeCheck = 1200;
				ORGANIZATIONNAME = "Bill Panagiotopoulos";
				TargetAttributes = {
					F319682C243D01E1008725CE = {
						CreatedOnToolsVersion = 11.3.1;
						LastSwiftMigration = 1130;
					};
					F3196835243D01E1008725CE = {
						CreatedOnToolsVersion = 11.3.1;
						LastSwiftMigration = 1130;
					};
					F355607F257527C40047D46D = {
						CreatedOnToolsVersion = 12.2;
					};
				};
			};
			buildConfigurationList = F3196827243D01E1008725CE /* Build configuration list for PBXProject "TermiNetwork" */;
			compatibilityVersion = "Xcode 9.3";
			developmentRegion = en;
			hasScannedForEncodings = 0;
			knownRegions = (
				en,
				Base,
			);
			mainGroup = F3196823243D01E1008725CE;
			packageReferences = (
				F3309DBD258ABF1200BB018D /* XCRemoteSwiftPackageReference "CryptoSwift" */,
			);
			productRefGroup = F319682E243D01E1008725CE /* Products */;
			projectDirPath = "";
			projectRoot = "";
			targets = (
				F319682C243D01E1008725CE /* TermiNetwork */,
				F3196835243D01E1008725CE /* TermiNetworkTests */,
				F355607F257527C40047D46D /* TermiNetworkExamples (iOS) */,
			);
		};
/* End PBXProject section */

/* Begin PBXResourcesBuildPhase section */
		F319682B243D01E1008725CE /* Resources */ = {
			isa = PBXResourcesBuildPhase;
			buildActionMask = 2147483647;
			files = (
			);
			runOnlyForDeploymentPostprocessing = 0;
		};
		F3196834243D01E1008725CE /* Resources */ = {
			isa = PBXResourcesBuildPhase;
			buildActionMask = 2147483647;
			files = (
				F35B533E2443325400C1853A /* MockData.bundle in Resources */,
				F3B0F35B250A3121009FF4D0 /* herokuapp.com.cer in Resources */,
				F33684D52466939200C64471 /* photo.jpg in Resources */,
				F3850C90243D103700F7CC13 /* forums.swift.org.cer in Resources */,
			);
			runOnlyForDeploymentPostprocessing = 0;
		};
		F355607E257527C40047D46D /* Resources */ = {
			isa = PBXResourcesBuildPhase;
			buildActionMask = 2147483647;
			files = (
				F383AEAD257ED51500DE43FA /* forums.swift.org.cer in Resources */,
				F383AEAE257ED51500DE43FA /* herokuapp.com.cer in Resources */,
				F355608F257527C40047D46D /* Assets.xcassets in Resources */,
				F3309DB4258AA05700BB018D /* Launch Screen.storyboard in Resources */,
				F37A17FE257D49A8003EFB1F /* MockData.bundle in Resources */,
			);
			runOnlyForDeploymentPostprocessing = 0;
		};
/* End PBXResourcesBuildPhase section */

/* Begin PBXShellScriptBuildPhase section */
		F3196884243D08FD008725CE /* ShellScript */ = {
			isa = PBXShellScriptBuildPhase;
			buildActionMask = 2147483647;
			files = (
			);
			inputFileListPaths = (
			);
			inputPaths = (
			);
			outputFileListPaths = (
			);
			outputPaths = (
			);
			runOnlyForDeploymentPostprocessing = 0;
			shellPath = /bin/sh;
			shellScript = "if which swiftlint >/dev/null; then\n    swiftlint --path \"$PROJECT_DIR/Source\" --config \"$PROJECT_DIR/.swiftlint.yml\"\nelse\n  echo \"warning: SwiftLint not installed, download from https://github.com/realm/SwiftLint\"\nfi\n";
		};
		F3196885243D0904008725CE /* ShellScript */ = {
			isa = PBXShellScriptBuildPhase;
			buildActionMask = 2147483647;
			files = (
			);
			inputFileListPaths = (
			);
			inputPaths = (
			);
			outputFileListPaths = (
			);
			outputPaths = (
			);
			runOnlyForDeploymentPostprocessing = 0;
			shellPath = /bin/sh;
			shellScript = "if which swiftlint >/dev/null; then\n    swiftlint --path \"./Tests\" --config \"$PROJECT_DIR/.swiftlint.yml\"\nelse\n  echo \"warning: SwiftLint not installed, download from https://github.com/realm/SwiftLint\"\nfi\n";
		};
/* End PBXShellScriptBuildPhase section */

/* Begin PBXSourcesBuildPhase section */
		F3196829243D01E1008725CE /* Sources */ = {
			isa = PBXSourcesBuildPhase;
			buildActionMask = 2147483647;
			files = (
				F3850CA8243D104900F7CC13 /* Session.swift in Sources */,
				F3850CAD243D104900F7CC13 /* Log.swift in Sources */,
				F3116AA92460A06600DFE453 /* RouteProtocol.swift in Sources */,
				F3116AB82460A09E00DFE453 /* Request+Mock.swift in Sources */,
				F31F88B4257C056200D9A802 /* Cache.swift in Sources */,
				F3850CB3243D104900F7CC13 /* Environment.swift in Sources */,
				F30B77D625967FE600681359 /* Request+Interceptors.swift in Sources */,
				F3F4828D245EE58C00656449 /* MultipartFormDataStream.swift in Sources */,
				F3116ABA2460A09E00DFE453 /* Request+FileOperations.swift in Sources */,
				F3116ABE2460A09E00DFE453 /* Data+Extensions.swift in Sources */,
				F3850CA6243D104900F7CC13 /* Router.swift in Sources */,
				F33ACF4D2587F904004DAC46 /* Request+ResponseHeaders.swift in Sources */,
				F3850CAF243D104900F7CC13 /* Queue.swift in Sources */,
				F3116ABC2460A09E00DFE453 /* Request+Middleware.swift in Sources */,
				F387B0E82579501000A8C0C7 /* Decodable+Transformer.swift in Sources */,
				F3116AC32460A91B00DFE453 /* MultipartFormDataHelpers.swift in Sources */,
				F3319E9C246AD71C00D94AFE /* MultipartFormDataPartType.swift in Sources */,
				F3116AAA2460A06600DFE453 /* RequestMiddlewareProtocol.swift in Sources */,
				F31F88A8257AD39400D9A802 /* Image.swift in Sources */,
				F3F255E9244C33B800517BF7 /* RouteConfiguration.swift in Sources */,
				F3850CB0243D104900F7CC13 /* Request.swift in Sources */,
				F3116AA42460A04B00DFE453 /* RequestBodyGenerators.swift in Sources */,
				F3850CAB243D104900F7CC13 /* TNError.swift in Sources */,
				F3116AB62460A09E00DFE453 /* UIImageView+Extensions.swift in Sources */,
				F3AA5132256EA13E00D64D31 /* FileStreamer.swift in Sources */,
				F3116AB72460A09E00DFE453 /* String+Extensions.swift in Sources */,
				F3850CAE243D104900F7CC13 /* Configuration.swift in Sources */,
				F3850CAA243D104900F7CC13 /* Path.swift in Sources */,
				F32195B325782E1A000941F1 /* InterceptorProtocol.swift in Sources */,
				F3116AA52460A04B00DFE453 /* RequestHelpers.swift in Sources */,
				F3116ABB2460A09E00DFE453 /* Request+DataOperations.swift in Sources */,
				F3116AB92460A09E00DFE453 /* URLRequest+Extensions.swift in Sources */,
				F3116ABD2460A09E00DFE453 /* Dictionary+Extensions.swift in Sources */,
				F31F88BC257C11C900D9A802 /* UIImage+Extensions.swift in Sources */,
				F34BA6722590E63D007CE8D6 /* CertificatePinningManager.swift in Sources */,
				F3850CAC243D104900F7CC13 /* Operation.swift in Sources */,
				F3A4B14825968ED0004812B6 /* Request+NSCopying.swift in Sources */,
				F37C5F6324589E26005BF48B /* SessionTaskFactory.swift in Sources */,
			);
			runOnlyForDeploymentPostprocessing = 0;
		};
		F3196832243D01E1008725CE /* Sources */ = {
			isa = PBXSourcesBuildPhase;
			buildActionMask = 2147483647;
			files = (
				F35B534024439FAC00C1853A /* TestMockRequest.swift in Sources */,
				F35B533A24422FAE00C1853A /* TestConfiguration.swift in Sources */,
				F3850C93243D103700F7CC13 /* TestTNErrors.swift in Sources */,
				F3850C8E243D103700F7CC13 /* TestHeaders.swift in Sources */,
				F3850C87243D103700F7CC13 /* TestExtensions.swift in Sources */,
				F3A4B15125969694004812B6 /* TestInterceptors.swift in Sources */,
				F31126A5257A55E000775D7E /* TestModel.swift in Sources */,
				F31126A9257A560200775D7E /* TestUploadTransformer.swift in Sources */,
				F397ECA2244F76330082E12D /* EncryptedModel.swift in Sources */,
				F32195BD25783F29000941F1 /* GlobalInterceptor.swift in Sources */,
				F3556065257401330047D46D /* TestDownloadOperations.swift in Sources */,
				F3850C8B243D103700F7CC13 /* APIRoute.swift in Sources */,
				F3850C8A243D103700F7CC13 /* TestEnvironment.swift in Sources */,
				F333429A25792E9D0087BDBA /* ErrorModel.swift in Sources */,
				F3850C8C243D103700F7CC13 /* TestParams.swift in Sources */,
				F387B0ED2579531200A8C0C7 /* TestTransformer.swift in Sources */,
				F31126AD257A563600775D7E /* FileResponse.swift in Sources */,
				F3850C88243D103700F7CC13 /* Env.swift in Sources */,
				F3AF556925987256000E01D8 /* DoNothingInterceptor.swift in Sources */,
				F32C3D13243E499E004497BC /* TestPinning.swift in Sources */,
				F3AA5147256EF53000D64D31 /* TestHelpers.swift in Sources */,
				F3850C8D243D103700F7CC13 /* TestJSONParams.swift in Sources */,
				F3850C91243D103700F7CC13 /* TestRequest.swift in Sources */,
				F387B0F7257958EB00A8C0C7 /* TestTransformers.swift in Sources */,
				F397EC9F244F74360082E12D /* CryptoMiddleware.swift in Sources */,
				F37014B32598FCC80022B7D6 /* UnauthorizedInterceptor.swift in Sources */,
				F3F48288245EBF6D00656449 /* TestUploadOperations.swift in Sources */,
				F3850C89243D103700F7CC13 /* TestQueue.swift in Sources */,
			);
			runOnlyForDeploymentPostprocessing = 0;
		};
		F355607C257527C40047D46D /* Sources */ = {
			isa = PBXSourcesBuildPhase;
			buildActionMask = 2147483647;
			files = (
				F355608D257527C40047D46D /* ContentView.swift in Sources */,
				F3A0BC1C25769453005139D5 /* CityRoute.swift in Sources */,
				F38F34A225896ED500D5BB17 /* FileUploaderUtils.swift in Sources */,
				F31F88CE257CCF6F00D9A802 /* ServiceErrorInterceptor.swift in Sources */,
				F363508225894AC6002AF5DE /* FileUploader.swift in Sources */,
				F33ACF6225880B34004DAC46 /* UIHelpers.swift in Sources */,
				F30A2998258788880046C8E6 /* EncryptedModel.swift in Sources */,
				F30A299B25878C5F0046C8E6 /* CryptoMiddleware.swift in Sources */,
				F31F88A4257A816400D9A802 /* City.swift in Sources */,
				F31F88D9257CDAFA00D9A802 /* DemoApp.swift in Sources */,
				F30A298A258787320046C8E6 /* MiscRoute.swift in Sources */,
				F3A0BC0F25769385005139D5 /* DemoEnvironment.swift in Sources */,
				F33ACF5B25880A5E004DAC46 /* FileDownloader.swift in Sources */,
				F38F349225896AFF00D5BB17 /* FileUploadTransformer.swift in Sources */,
				F3F9709525758C0B0045138A /* CityExplorerView.swift in Sources */,
				F3211EC6258019280085E873 /* EncryptedCommunicationView.swift in Sources */,
				F38F349625896B2300D5BB17 /* RSFileResponse.swift in Sources */,
				F3A0BC1825769434005139D5 /* AppDelegate.swift in Sources */,
				F37A17F4257D2953003EFB1F /* CityExplorerDetails.swift in Sources */,
				F30A298E2587881D0046C8E6 /* RSEncryptedModel.swift in Sources */,
				F355608B257527C40047D46D /* TermiNetworkExamplesApp.swift in Sources */,
				F31F889F257A80EE00D9A802 /* CitiesTransformer.swift in Sources */,
				F38F349C25896B2B00D5BB17 /* FileResponse.swift in Sources */,
				F37A17FA257D2A83003EFB1F /* CityTransformer.swift in Sources */,
				F383AEA8257ECC8300DE43FA /* CertificatePinningView.swift in Sources */,
				F30A29922587884B0046C8E6 /* EncryptedModelTransformer.swift in Sources */,
				F3A0BC24257694F7005139D5 /* RSCity.swift in Sources */,
			);
			runOnlyForDeploymentPostprocessing = 0;
		};
/* End PBXSourcesBuildPhase section */

/* Begin PBXTargetDependency section */
		F3196839243D01E1008725CE /* PBXTargetDependency */ = {
			isa = PBXTargetDependency;
			target = F319682C243D01E1008725CE /* TermiNetwork */;
			targetProxy = F3196838243D01E1008725CE /* PBXContainerItemProxy */;
		};
		F3D16ECB2575299A00F7B523 /* PBXTargetDependency */ = {
			isa = PBXTargetDependency;
			target = F319682C243D01E1008725CE /* TermiNetwork */;
			targetProxy = F3D16ECA2575299A00F7B523 /* PBXContainerItemProxy */;
		};
/* End PBXTargetDependency section */

/* Begin XCBuildConfiguration section */
		F319683F243D01E1008725CE /* Debug */ = {
			isa = XCBuildConfiguration;
			buildSettings = {
				ALWAYS_SEARCH_USER_PATHS = NO;
				CLANG_ANALYZER_NONNULL = YES;
				CLANG_ANALYZER_NUMBER_OBJECT_CONVERSION = YES_AGGRESSIVE;
				CLANG_CXX_LANGUAGE_STANDARD = "gnu++14";
				CLANG_CXX_LIBRARY = "libc++";
				CLANG_ENABLE_MODULES = YES;
				CLANG_ENABLE_OBJC_ARC = YES;
				CLANG_ENABLE_OBJC_WEAK = YES;
				CLANG_WARN_BLOCK_CAPTURE_AUTORELEASING = YES;
				CLANG_WARN_BOOL_CONVERSION = YES;
				CLANG_WARN_COMMA = YES;
				CLANG_WARN_CONSTANT_CONVERSION = YES;
				CLANG_WARN_DEPRECATED_OBJC_IMPLEMENTATIONS = YES;
				CLANG_WARN_DIRECT_OBJC_ISA_USAGE = YES_ERROR;
				CLANG_WARN_DOCUMENTATION_COMMENTS = YES;
				CLANG_WARN_EMPTY_BODY = YES;
				CLANG_WARN_ENUM_CONVERSION = YES;
				CLANG_WARN_INFINITE_RECURSION = YES;
				CLANG_WARN_INT_CONVERSION = YES;
				CLANG_WARN_NON_LITERAL_NULL_CONVERSION = YES;
				CLANG_WARN_OBJC_IMPLICIT_RETAIN_SELF = YES;
				CLANG_WARN_OBJC_LITERAL_CONVERSION = YES;
				CLANG_WARN_OBJC_ROOT_CLASS = YES_ERROR;
				CLANG_WARN_QUOTED_INCLUDE_IN_FRAMEWORK_HEADER = YES;
				CLANG_WARN_RANGE_LOOP_ANALYSIS = YES;
				CLANG_WARN_STRICT_PROTOTYPES = YES;
				CLANG_WARN_SUSPICIOUS_MOVE = YES;
				CLANG_WARN_UNGUARDED_AVAILABILITY = YES_AGGRESSIVE;
				CLANG_WARN_UNREACHABLE_CODE = YES;
				CLANG_WARN__DUPLICATE_METHOD_MATCH = YES;
				COPY_PHASE_STRIP = NO;
				CURRENT_PROJECT_VERSION = 1;
				DEBUG_INFORMATION_FORMAT = dwarf;
				ENABLE_STRICT_OBJC_MSGSEND = YES;
				ENABLE_TESTABILITY = YES;
				GCC_C_LANGUAGE_STANDARD = gnu11;
				GCC_DYNAMIC_NO_PIC = NO;
				GCC_NO_COMMON_BLOCKS = YES;
				GCC_OPTIMIZATION_LEVEL = 0;
				GCC_PREPROCESSOR_DEFINITIONS = (
					"DEBUG=1",
					"$(inherited)",
				);
				GCC_WARN_64_TO_32_BIT_CONVERSION = YES;
				GCC_WARN_ABOUT_RETURN_TYPE = YES_ERROR;
				GCC_WARN_UNDECLARED_SELECTOR = YES;
				GCC_WARN_UNINITIALIZED_AUTOS = YES_AGGRESSIVE;
				GCC_WARN_UNUSED_FUNCTION = YES;
				GCC_WARN_UNUSED_VARIABLE = YES;
				IPHONEOS_DEPLOYMENT_TARGET = 13.2;
				MTL_ENABLE_DEBUG_INFO = INCLUDE_SOURCE;
				MTL_FAST_MATH = YES;
				ONLY_ACTIVE_ARCH = YES;
				SWIFT_ACTIVE_COMPILATION_CONDITIONS = DEBUG;
				SWIFT_OPTIMIZATION_LEVEL = "-Onone";
				VERSIONING_SYSTEM = "apple-generic";
				VERSION_INFO_PREFIX = "";
			};
			name = Debug;
		};
		F3196840243D01E1008725CE /* Release */ = {
			isa = XCBuildConfiguration;
			buildSettings = {
				ALWAYS_SEARCH_USER_PATHS = NO;
				CLANG_ANALYZER_NONNULL = YES;
				CLANG_ANALYZER_NUMBER_OBJECT_CONVERSION = YES_AGGRESSIVE;
				CLANG_CXX_LANGUAGE_STANDARD = "gnu++14";
				CLANG_CXX_LIBRARY = "libc++";
				CLANG_ENABLE_MODULES = YES;
				CLANG_ENABLE_OBJC_ARC = YES;
				CLANG_ENABLE_OBJC_WEAK = YES;
				CLANG_WARN_BLOCK_CAPTURE_AUTORELEASING = YES;
				CLANG_WARN_BOOL_CONVERSION = YES;
				CLANG_WARN_COMMA = YES;
				CLANG_WARN_CONSTANT_CONVERSION = YES;
				CLANG_WARN_DEPRECATED_OBJC_IMPLEMENTATIONS = YES;
				CLANG_WARN_DIRECT_OBJC_ISA_USAGE = YES_ERROR;
				CLANG_WARN_DOCUMENTATION_COMMENTS = YES;
				CLANG_WARN_EMPTY_BODY = YES;
				CLANG_WARN_ENUM_CONVERSION = YES;
				CLANG_WARN_INFINITE_RECURSION = YES;
				CLANG_WARN_INT_CONVERSION = YES;
				CLANG_WARN_NON_LITERAL_NULL_CONVERSION = YES;
				CLANG_WARN_OBJC_IMPLICIT_RETAIN_SELF = YES;
				CLANG_WARN_OBJC_LITERAL_CONVERSION = YES;
				CLANG_WARN_OBJC_ROOT_CLASS = YES_ERROR;
				CLANG_WARN_QUOTED_INCLUDE_IN_FRAMEWORK_HEADER = YES;
				CLANG_WARN_RANGE_LOOP_ANALYSIS = YES;
				CLANG_WARN_STRICT_PROTOTYPES = YES;
				CLANG_WARN_SUSPICIOUS_MOVE = YES;
				CLANG_WARN_UNGUARDED_AVAILABILITY = YES_AGGRESSIVE;
				CLANG_WARN_UNREACHABLE_CODE = YES;
				CLANG_WARN__DUPLICATE_METHOD_MATCH = YES;
				COPY_PHASE_STRIP = NO;
				CURRENT_PROJECT_VERSION = 1;
				DEBUG_INFORMATION_FORMAT = "dwarf-with-dsym";
				ENABLE_NS_ASSERTIONS = NO;
				ENABLE_STRICT_OBJC_MSGSEND = YES;
				GCC_C_LANGUAGE_STANDARD = gnu11;
				GCC_NO_COMMON_BLOCKS = YES;
				GCC_WARN_64_TO_32_BIT_CONVERSION = YES;
				GCC_WARN_ABOUT_RETURN_TYPE = YES_ERROR;
				GCC_WARN_UNDECLARED_SELECTOR = YES;
				GCC_WARN_UNINITIALIZED_AUTOS = YES_AGGRESSIVE;
				GCC_WARN_UNUSED_FUNCTION = YES;
				GCC_WARN_UNUSED_VARIABLE = YES;
				IPHONEOS_DEPLOYMENT_TARGET = 13.2;
				MTL_ENABLE_DEBUG_INFO = NO;
				MTL_FAST_MATH = YES;
				SWIFT_COMPILATION_MODE = wholemodule;
				SWIFT_OPTIMIZATION_LEVEL = "-O";
				VALIDATE_PRODUCT = YES;
				VERSIONING_SYSTEM = "apple-generic";
				VERSION_INFO_PREFIX = "";
			};
			name = Release;
		};
		F3196842243D01E1008725CE /* Debug */ = {
			isa = XCBuildConfiguration;
			buildSettings = {
				CLANG_ENABLE_MODULES = YES;
				CODE_SIGN_STYLE = Automatic;
				DEFINES_MODULE = YES;
				DYLIB_COMPATIBILITY_VERSION = 1;
				DYLIB_CURRENT_VERSION = 1;
				DYLIB_INSTALL_NAME_BASE = "@rpath";
				INFOPLIST_FILE = TermiNetwork/Info.plist;
				INSTALL_PATH = "$(LOCAL_LIBRARY_DIR)/Frameworks";
				IPHONEOS_DEPLOYMENT_TARGET = 13.0;
				LD_RUNPATH_SEARCH_PATHS = (
					"$(inherited)",
					"@executable_path/Frameworks",
					"@loader_path/Frameworks",
				);
				MACOSX_DEPLOYMENT_TARGET = 10.15;
				PRODUCT_BUNDLE_IDENTIFIER = com.billp.TermiNetwork;
				PRODUCT_NAME = "$(TARGET_NAME:c99extidentifier)";
				RESOURCES_TARGETED_DEVICE_FAMILY = "";
				SKIP_INSTALL = YES;
				SUPPORTED_PLATFORMS = "iphonesimulator iphoneos watchos watchsimulator appletvos appletvsimulator macosx";
				SWIFT_OPTIMIZATION_LEVEL = "-Onone";
				SWIFT_VERSION = 5.0;
				TARGETED_DEVICE_FAMILY = "1,2,3,4,5,6";
				TVOS_DEPLOYMENT_TARGET = 13.0;
				WATCHOS_DEPLOYMENT_TARGET = 6.0;
			};
			name = Debug;
		};
		F3196843243D01E1008725CE /* Release */ = {
			isa = XCBuildConfiguration;
			buildSettings = {
				CLANG_ENABLE_MODULES = YES;
				CODE_SIGN_STYLE = Automatic;
				DEFINES_MODULE = YES;
				DYLIB_COMPATIBILITY_VERSION = 1;
				DYLIB_CURRENT_VERSION = 1;
				DYLIB_INSTALL_NAME_BASE = "@rpath";
				INFOPLIST_FILE = TermiNetwork/Info.plist;
				INSTALL_PATH = "$(LOCAL_LIBRARY_DIR)/Frameworks";
				IPHONEOS_DEPLOYMENT_TARGET = 13.0;
				LD_RUNPATH_SEARCH_PATHS = (
					"$(inherited)",
					"@executable_path/Frameworks",
					"@loader_path/Frameworks",
				);
				MACOSX_DEPLOYMENT_TARGET = 10.15;
				PRODUCT_BUNDLE_IDENTIFIER = com.billp.TermiNetwork;
				PRODUCT_NAME = "$(TARGET_NAME:c99extidentifier)";
				RESOURCES_TARGETED_DEVICE_FAMILY = "";
				SKIP_INSTALL = YES;
				SUPPORTED_PLATFORMS = "iphonesimulator iphoneos watchos watchsimulator appletvos appletvsimulator macosx";
				SWIFT_VERSION = 5.0;
				TARGETED_DEVICE_FAMILY = "1,2,3,4,5,6";
				TVOS_DEPLOYMENT_TARGET = 13.0;
				WATCHOS_DEPLOYMENT_TARGET = 6.0;
			};
			name = Release;
		};
		F3196845243D01E1008725CE /* Debug */ = {
			isa = XCBuildConfiguration;
			buildSettings = {
				ALWAYS_EMBED_SWIFT_STANDARD_LIBRARIES = YES;
				CLANG_ENABLE_MODULES = YES;
				CODE_SIGN_STYLE = Automatic;
				INFOPLIST_FILE = Tests/Info.plist;
				LD_RUNPATH_SEARCH_PATHS = (
					"$(inherited)",
					"@executable_path/Frameworks",
					"@loader_path/Frameworks",
				);
				PRODUCT_BUNDLE_IDENTIFIER = com.billp.TermiNetworkTests;
				PRODUCT_NAME = "$(TARGET_NAME)";
				SUPPORTED_PLATFORMS = "watchsimulator watchos iphoneos iphonesimulator macosx appletvsimulator appletvos";
				SWIFT_OPTIMIZATION_LEVEL = "-Onone";
				SWIFT_VERSION = 5.0;
				TARGETED_DEVICE_FAMILY = "1,2,3,4,5,6";
			};
			name = Debug;
		};
		F3196846243D01E1008725CE /* Release */ = {
			isa = XCBuildConfiguration;
			buildSettings = {
				ALWAYS_EMBED_SWIFT_STANDARD_LIBRARIES = YES;
				CLANG_ENABLE_MODULES = YES;
				CODE_SIGN_STYLE = Automatic;
				INFOPLIST_FILE = Tests/Info.plist;
				LD_RUNPATH_SEARCH_PATHS = (
					"$(inherited)",
					"@executable_path/Frameworks",
					"@loader_path/Frameworks",
				);
				PRODUCT_BUNDLE_IDENTIFIER = com.billp.TermiNetworkTests;
				PRODUCT_NAME = "$(TARGET_NAME)";
				SUPPORTED_PLATFORMS = "watchsimulator watchos iphoneos iphonesimulator macosx appletvsimulator appletvos";
				SWIFT_VERSION = 5.0;
				TARGETED_DEVICE_FAMILY = "1,2,3,4,5,6";
			};
			name = Release;
		};
		F3556091257527C40047D46D /* Debug */ = {
			isa = XCBuildConfiguration;
			buildSettings = {
				ASSETCATALOG_COMPILER_APPICON_NAME = AppIcon;
				ASSETCATALOG_COMPILER_GLOBAL_ACCENT_COLOR_NAME = AccentColor;
				CODE_SIGN_STYLE = Automatic;
				DEVELOPMENT_TEAM = 899S8YHUCE;
				ENABLE_PREVIEWS = YES;
				INFOPLIST_FILE = "Examples/Supporting Files/Info.plist";
				IPHONEOS_DEPLOYMENT_TARGET = 14.0;
				LD_RUNPATH_SEARCH_PATHS = (
					"$(inherited)",
					"@executable_path/Frameworks",
				);
				PRODUCT_BUNDLE_IDENTIFIER = com.billp.TermiNetworkExamples;
				PRODUCT_NAME = TermiNetworkExamples;
				SDKROOT = iphoneos;
				SWIFT_VERSION = 5.0;
				TARGETED_DEVICE_FAMILY = "1,2";
			};
			name = Debug;
		};
		F3556092257527C40047D46D /* Release */ = {
			isa = XCBuildConfiguration;
			buildSettings = {
				ASSETCATALOG_COMPILER_APPICON_NAME = AppIcon;
				ASSETCATALOG_COMPILER_GLOBAL_ACCENT_COLOR_NAME = AccentColor;
				CODE_SIGN_STYLE = Automatic;
				DEVELOPMENT_TEAM = 899S8YHUCE;
				ENABLE_PREVIEWS = YES;
				INFOPLIST_FILE = "Examples/Supporting Files/Info.plist";
				IPHONEOS_DEPLOYMENT_TARGET = 14.0;
				LD_RUNPATH_SEARCH_PATHS = (
					"$(inherited)",
					"@executable_path/Frameworks",
				);
				PRODUCT_BUNDLE_IDENTIFIER = com.billp.TermiNetworkExamples;
				PRODUCT_NAME = TermiNetworkExamples;
				SDKROOT = iphoneos;
				SWIFT_VERSION = 5.0;
				TARGETED_DEVICE_FAMILY = "1,2";
				VALIDATE_PRODUCT = YES;
			};
			name = Release;
		};
/* End XCBuildConfiguration section */

/* Begin XCConfigurationList section */
		F3196827243D01E1008725CE /* Build configuration list for PBXProject "TermiNetwork" */ = {
			isa = XCConfigurationList;
			buildConfigurations = (
				F319683F243D01E1008725CE /* Debug */,
				F3196840243D01E1008725CE /* Release */,
			);
			defaultConfigurationIsVisible = 0;
			defaultConfigurationName = Release;
		};
		F3196841243D01E1008725CE /* Build configuration list for PBXNativeTarget "TermiNetwork" */ = {
			isa = XCConfigurationList;
			buildConfigurations = (
				F3196842243D01E1008725CE /* Debug */,
				F3196843243D01E1008725CE /* Release */,
			);
			defaultConfigurationIsVisible = 0;
			defaultConfigurationName = Release;
		};
		F3196844243D01E1008725CE /* Build configuration list for PBXNativeTarget "TermiNetworkTests" */ = {
			isa = XCConfigurationList;
			buildConfigurations = (
				F3196845243D01E1008725CE /* Debug */,
				F3196846243D01E1008725CE /* Release */,
			);
			defaultConfigurationIsVisible = 0;
			defaultConfigurationName = Release;
		};
		F3556095257527C40047D46D /* Build configuration list for PBXNativeTarget "TermiNetworkExamples (iOS)" */ = {
			isa = XCConfigurationList;
			buildConfigurations = (
				F3556091257527C40047D46D /* Debug */,
				F3556092257527C40047D46D /* Release */,
			);
			defaultConfigurationIsVisible = 0;
			defaultConfigurationName = Release;
		};
/* End XCConfigurationList section */

/* Begin XCRemoteSwiftPackageReference section */
		F3309DBD258ABF1200BB018D /* XCRemoteSwiftPackageReference "CryptoSwift" */ = {
			isa = XCRemoteSwiftPackageReference;
			repositoryURL = "https://github.com/krzyzanowskim/CryptoSwift";
			requirement = {
				kind = upToNextMajorVersion;
				minimumVersion = 1.3.8;
			};
		};
/* End XCRemoteSwiftPackageReference section */

/* Begin XCSwiftPackageProductDependency section */
		F3309DBE258ABF1200BB018D /* CryptoSwift */ = {
			isa = XCSwiftPackageProductDependency;
			package = F3309DBD258ABF1200BB018D /* XCRemoteSwiftPackageReference "CryptoSwift" */;
			productName = CryptoSwift;
		};
		F3309DE6258AC45800BB018D /* CryptoSwift */ = {
			isa = XCSwiftPackageProductDependency;
			package = F3309DBD258ABF1200BB018D /* XCRemoteSwiftPackageReference "CryptoSwift" */;
			productName = CryptoSwift;
		};
/* End XCSwiftPackageProductDependency section */
	};
	rootObject = F3196824243D01E1008725CE /* Project object */;
}
