// !$*UTF8*$!
{
	archiveVersion = 1;
	classes = {
	};
	objectVersion = 46;
	objects = {

/* Begin PBXBuildFile section */
		11AF8F30AD70DDC6D7F330C2 /* Pods_TermiNetwork_Example.framework in Frameworks */ = {isa = PBXBuildFile; fileRef = 9CE2EB115537B49E5697580B /* Pods_TermiNetwork_Example.framework */; };
		59329622206A4ABB007BB456 /* TestTNCallResponseErrors.swift in Sources */ = {isa = PBXBuildFile; fileRef = 59329621206A4ABB007BB456 /* TestTNCallResponseErrors.swift */; };
		594C21A9203D9EA100FFE7A6 /* Main.storyboard in Resources */ = {isa = PBXBuildFile; fileRef = 594C21A8203D9EA100FFE7A6 /* Main.storyboard */; };
		594C21AE203D9EC300FFE7A6 /* FoodCategoryCell.swift in Sources */ = {isa = PBXBuildFile; fileRef = 594C21AB203D9EC300FFE7A6 /* FoodCategoryCell.swift */; };
		594C21AF203D9EC300FFE7A6 /* CustomImageView.swift in Sources */ = {isa = PBXBuildFile; fileRef = 594C21AD203D9EC300FFE7A6 /* CustomImageView.swift */; };
		594C21B9203D9F9B00FFE7A6 /* Environment.swift in Sources */ = {isa = PBXBuildFile; fileRef = 594C21B2203D9F9B00FFE7A6 /* Environment.swift */; };
		594C21BA203D9F9B00FFE7A6 /* FoodCategory.swift in Sources */ = {isa = PBXBuildFile; fileRef = 594C21B4203D9F9B00FFE7A6 /* FoodCategory.swift */; };
		594C21BB203D9F9B00FFE7A6 /* FoodCategories.swift in Sources */ = {isa = PBXBuildFile; fileRef = 594C21B5203D9F9B00FFE7A6 /* FoodCategories.swift */; };
		594C21BC203D9F9B00FFE7A6 /* APICustomHelpers.swift in Sources */ = {isa = PBXBuildFile; fileRef = 594C21B7203D9F9B00FFE7A6 /* APICustomHelpers.swift */; };
		594C21BD203D9F9B00FFE7A6 /* APIFoodRouter.swift in Sources */ = {isa = PBXBuildFile; fileRef = 594C21B8203D9F9B00FFE7A6 /* APIFoodRouter.swift */; };
		595BA53720459A2F0029D903 /* TestTNEnvironment.swift in Sources */ = {isa = PBXBuildFile; fileRef = 595BA53620459A2F0029D903 /* TestTNEnvironment.swift */; };
		597EF4D420BF2AF100DB9981 /* TestTNQueue.swift in Sources */ = {isa = PBXBuildFile; fileRef = 597EF4D320BF2AF100DB9981 /* TestTNQueue.swift */; };
		599F992C204EBC1D009F2B17 /* TestParams.swift in Sources */ = {isa = PBXBuildFile; fileRef = 599F992B204EBC1D009F2B17 /* TestParams.swift */; };
		59B81ADE208F71E3007D38AF /* TestJSONParams.swift in Sources */ = {isa = PBXBuildFile; fileRef = 59B81ADD208F71E3007D38AF /* TestJSONParams.swift */; };
		59C7C63120A4B29200F8A47C /* TestExtensions.swift in Sources */ = {isa = PBXBuildFile; fileRef = 59C7C63020A4B29200F8A47C /* TestExtensions.swift */; };
		59F3986E204D33FF00C7381B /* TestTNCallRequestErrors.swift in Sources */ = {isa = PBXBuildFile; fileRef = 59F3986D204D33FF00C7381B /* TestTNCallRequestErrors.swift */; };
		59F39870204D369D00C7381B /* Environment.swift in Sources */ = {isa = PBXBuildFile; fileRef = 59F3986F204D369D00C7381B /* Environment.swift */; };
		59F39872204D6AE300C7381B /* TestTNCall.swift in Sources */ = {isa = PBXBuildFile; fileRef = 59F39871204D6AE300C7381B /* TestTNCall.swift */; };
		59F39874204D6B5200C7381B /* APIRouter.swift in Sources */ = {isa = PBXBuildFile; fileRef = 59F39873204D6B5200C7381B /* APIRouter.swift */; };
		59F39877204D6CBB00C7381B /* TestHeaders.swift in Sources */ = {isa = PBXBuildFile; fileRef = 59F39876204D6CBB00C7381B /* TestHeaders.swift */; };
		607FACD61AFB9204008FA782 /* AppDelegate.swift in Sources */ = {isa = PBXBuildFile; fileRef = 607FACD51AFB9204008FA782 /* AppDelegate.swift */; };
		607FACD81AFB9204008FA782 /* ViewController.swift in Sources */ = {isa = PBXBuildFile; fileRef = 607FACD71AFB9204008FA782 /* ViewController.swift */; };
		607FACDD1AFB9204008FA782 /* Images.xcassets in Resources */ = {isa = PBXBuildFile; fileRef = 607FACDC1AFB9204008FA782 /* Images.xcassets */; };
		607FACE01AFB9204008FA782 /* LaunchScreen.xib in Resources */ = {isa = PBXBuildFile; fileRef = 607FACDE1AFB9204008FA782 /* LaunchScreen.xib */; };
/* End PBXBuildFile section */

/* Begin PBXContainerItemProxy section */
		595BA53920459A2F0029D903 /* PBXContainerItemProxy */ = {
			isa = PBXContainerItemProxy;
			containerPortal = 607FACC81AFB9204008FA782 /* Project object */;
			proxyType = 1;
			remoteGlobalIDString = 607FACCF1AFB9204008FA782;
			remoteInfo = TermiNetwork_Example;
		};
/* End PBXContainerItemProxy section */

/* Begin PBXFileReference section */
		10D658E7716536E837A73EFF /* README.md */ = {isa = PBXFileReference; includeInIndex = 1; lastKnownFileType = net.daringfireball.markdown; name = README.md; path = ../README.md; sourceTree = "<group>"; };
		59329621206A4ABB007BB456 /* TestTNCallResponseErrors.swift */ = {isa = PBXFileReference; fileEncoding = 4; lastKnownFileType = sourcecode.swift; path = TestTNCallResponseErrors.swift; sourceTree = "<group>"; };
		594C21A8203D9EA100FFE7A6 /* Main.storyboard */ = {isa = PBXFileReference; fileEncoding = 4; lastKnownFileType = file.storyboard; path = Main.storyboard; sourceTree = "<group>"; };
		594C21AB203D9EC300FFE7A6 /* FoodCategoryCell.swift */ = {isa = PBXFileReference; fileEncoding = 4; lastKnownFileType = sourcecode.swift; path = FoodCategoryCell.swift; sourceTree = "<group>"; };
		594C21AD203D9EC300FFE7A6 /* CustomImageView.swift */ = {isa = PBXFileReference; fileEncoding = 4; lastKnownFileType = sourcecode.swift; path = CustomImageView.swift; sourceTree = "<group>"; };
		594C21B2203D9F9B00FFE7A6 /* Environment.swift */ = {isa = PBXFileReference; fileEncoding = 4; lastKnownFileType = sourcecode.swift; path = Environment.swift; sourceTree = "<group>"; };
		594C21B4203D9F9B00FFE7A6 /* FoodCategory.swift */ = {isa = PBXFileReference; fileEncoding = 4; lastKnownFileType = sourcecode.swift; path = FoodCategory.swift; sourceTree = "<group>"; };
		594C21B5203D9F9B00FFE7A6 /* FoodCategories.swift */ = {isa = PBXFileReference; fileEncoding = 4; lastKnownFileType = sourcecode.swift; path = FoodCategories.swift; sourceTree = "<group>"; };
		594C21B7203D9F9B00FFE7A6 /* APICustomHelpers.swift */ = {isa = PBXFileReference; fileEncoding = 4; lastKnownFileType = sourcecode.swift; path = APICustomHelpers.swift; sourceTree = "<group>"; };
		594C21B8203D9F9B00FFE7A6 /* APIFoodRouter.swift */ = {isa = PBXFileReference; fileEncoding = 4; lastKnownFileType = sourcecode.swift; path = APIFoodRouter.swift; sourceTree = "<group>"; };
		595BA53420459A2E0029D903 /* TermiNetworkTests.xctest */ = {isa = PBXFileReference; explicitFileType = wrapper.cfbundle; includeInIndex = 0; path = TermiNetworkTests.xctest; sourceTree = BUILT_PRODUCTS_DIR; };
		595BA53620459A2F0029D903 /* TestTNEnvironment.swift */ = {isa = PBXFileReference; lastKnownFileType = sourcecode.swift; path = TestTNEnvironment.swift; sourceTree = "<group>"; };
		595BA53820459A2F0029D903 /* Info.plist */ = {isa = PBXFileReference; lastKnownFileType = text.plist.xml; path = Info.plist; sourceTree = "<group>"; };
		597EF4D320BF2AF100DB9981 /* TestTNQueue.swift */ = {isa = PBXFileReference; lastKnownFileType = sourcecode.swift; path = TestTNQueue.swift; sourceTree = "<group>"; };
		599F992B204EBC1D009F2B17 /* TestParams.swift */ = {isa = PBXFileReference; lastKnownFileType = sourcecode.swift; path = TestParams.swift; sourceTree = "<group>"; };
		59B45DC2209A65B40079F56E /* SVProgressHUD.framework */ = {isa = PBXFileReference; explicitFileType = wrapper.framework; path = SVProgressHUD.framework; sourceTree = BUILT_PRODUCTS_DIR; };
		59B45DC4209A65E90079F56E /* SVProgressHUD.framework */ = {isa = PBXFileReference; explicitFileType = wrapper.framework; path = SVProgressHUD.framework; sourceTree = BUILT_PRODUCTS_DIR; };
		59B45DC6209A68210079F56E /* SVProgressHUD.framework */ = {isa = PBXFileReference; explicitFileType = wrapper.framework; path = SVProgressHUD.framework; sourceTree = BUILT_PRODUCTS_DIR; };
		59B45DC8209A68650079F56E /* SVProgressHUD.framework */ = {isa = PBXFileReference; explicitFileType = wrapper.framework; path = SVProgressHUD.framework; sourceTree = BUILT_PRODUCTS_DIR; };
		59B45DCA209A68900079F56E /* TermiNetwork.framework */ = {isa = PBXFileReference; explicitFileType = wrapper.framework; path = TermiNetwork.framework; sourceTree = BUILT_PRODUCTS_DIR; };
		59B45DCC209A68960079F56E /* SVProgressHUD.framework */ = {isa = PBXFileReference; explicitFileType = wrapper.framework; path = SVProgressHUD.framework; sourceTree = BUILT_PRODUCTS_DIR; };
		59B81ADD208F71E3007D38AF /* TestJSONParams.swift */ = {isa = PBXFileReference; fileEncoding = 4; lastKnownFileType = sourcecode.swift; path = TestJSONParams.swift; sourceTree = "<group>"; };
		59C7C63020A4B29200F8A47C /* TestExtensions.swift */ = {isa = PBXFileReference; fileEncoding = 4; lastKnownFileType = sourcecode.swift; path = TestExtensions.swift; sourceTree = "<group>"; };
		59F3986D204D33FF00C7381B /* TestTNCallRequestErrors.swift */ = {isa = PBXFileReference; lastKnownFileType = sourcecode.swift; path = TestTNCallRequestErrors.swift; sourceTree = "<group>"; };
		59F3986F204D369D00C7381B /* Environment.swift */ = {isa = PBXFileReference; lastKnownFileType = sourcecode.swift; path = Environment.swift; sourceTree = "<group>"; };
		59F39871204D6AE300C7381B /* TestTNCall.swift */ = {isa = PBXFileReference; lastKnownFileType = sourcecode.swift; path = TestTNCall.swift; sourceTree = "<group>"; };
		59F39873204D6B5200C7381B /* APIRouter.swift */ = {isa = PBXFileReference; lastKnownFileType = sourcecode.swift; path = APIRouter.swift; sourceTree = "<group>"; };
		59F39876204D6CBB00C7381B /* TestHeaders.swift */ = {isa = PBXFileReference; lastKnownFileType = sourcecode.swift; path = TestHeaders.swift; sourceTree = "<group>"; };
		607FACD01AFB9204008FA782 /* TermiNetwork_Example.app */ = {isa = PBXFileReference; explicitFileType = wrapper.application; includeInIndex = 0; path = TermiNetwork_Example.app; sourceTree = BUILT_PRODUCTS_DIR; };
		607FACD41AFB9204008FA782 /* Info.plist */ = {isa = PBXFileReference; lastKnownFileType = text.plist.xml; path = Info.plist; sourceTree = "<group>"; };
		607FACD51AFB9204008FA782 /* AppDelegate.swift */ = {isa = PBXFileReference; lastKnownFileType = sourcecode.swift; path = AppDelegate.swift; sourceTree = "<group>"; };
		607FACD71AFB9204008FA782 /* ViewController.swift */ = {isa = PBXFileReference; lastKnownFileType = sourcecode.swift; path = ViewController.swift; sourceTree = "<group>"; };
		607FACDC1AFB9204008FA782 /* Images.xcassets */ = {isa = PBXFileReference; lastKnownFileType = folder.assetcatalog; path = Images.xcassets; sourceTree = "<group>"; };
		607FACDF1AFB9204008FA782 /* Base */ = {isa = PBXFileReference; lastKnownFileType = file.xib; name = Base; path = Base.lproj/LaunchScreen.xib; sourceTree = "<group>"; };
		86F5A98A93DF2EDB1A8F2054 /* Pods_TermiNetwork_Tests.framework */ = {isa = PBXFileReference; explicitFileType = wrapper.framework; includeInIndex = 0; path = Pods_TermiNetwork_Tests.framework; sourceTree = BUILT_PRODUCTS_DIR; };
		9CE2EB115537B49E5697580B /* Pods_TermiNetwork_Example.framework */ = {isa = PBXFileReference; explicitFileType = wrapper.framework; includeInIndex = 0; path = Pods_TermiNetwork_Example.framework; sourceTree = BUILT_PRODUCTS_DIR; };
		E23E0C53115D7D13327E82BB /* Pods-TermiNetwork_Example.debug.xcconfig */ = {isa = PBXFileReference; includeInIndex = 1; lastKnownFileType = text.xcconfig; name = "Pods-TermiNetwork_Example.debug.xcconfig"; path = "Pods/Target Support Files/Pods-TermiNetwork_Example/Pods-TermiNetwork_Example.debug.xcconfig"; sourceTree = "<group>"; };
		F242CB5337AE09D99DC7CF33 /* TermiNetwork.podspec */ = {isa = PBXFileReference; includeInIndex = 1; lastKnownFileType = text; name = TermiNetwork.podspec; path = ../TermiNetwork.podspec; sourceTree = "<group>"; xcLanguageSpecificationIdentifier = xcode.lang.ruby; };
		F676F90F742CED352BDC092A /* Pods-TermiNetwork_Example.release.xcconfig */ = {isa = PBXFileReference; includeInIndex = 1; lastKnownFileType = text.xcconfig; name = "Pods-TermiNetwork_Example.release.xcconfig"; path = "Pods/Target Support Files/Pods-TermiNetwork_Example/Pods-TermiNetwork_Example.release.xcconfig"; sourceTree = "<group>"; };
		FEFDE3F46E74354242844F3F /* LICENSE */ = {isa = PBXFileReference; includeInIndex = 1; lastKnownFileType = text; name = LICENSE; path = ../LICENSE; sourceTree = "<group>"; };
/* End PBXFileReference section */

/* Begin PBXFrameworksBuildPhase section */
		595BA53120459A2E0029D903 /* Frameworks */ = {
			isa = PBXFrameworksBuildPhase;
			buildActionMask = 2147483647;
			files = (
			);
			runOnlyForDeploymentPostprocessing = 0;
		};
		607FACCD1AFB9204008FA782 /* Frameworks */ = {
			isa = PBXFrameworksBuildPhase;
			buildActionMask = 2147483647;
			files = (
				11AF8F30AD70DDC6D7F330C2 /* Pods_TermiNetwork_Example.framework in Frameworks */,
			);
			runOnlyForDeploymentPostprocessing = 0;
		};
/* End PBXFrameworksBuildPhase section */

/* Begin PBXGroup section */
		11637649D70173414ABC8F55 /* Pods */ = {
			isa = PBXGroup;
			children = (
				E23E0C53115D7D13327E82BB /* Pods-TermiNetwork_Example.debug.xcconfig */,
				F676F90F742CED352BDC092A /* Pods-TermiNetwork_Example.release.xcconfig */,
			);
			name = Pods;
			sourceTree = "<group>";
		};
		594C21AA203D9EC300FFE7A6 /* Cells */ = {
			isa = PBXGroup;
			children = (
				594C21AB203D9EC300FFE7A6 /* FoodCategoryCell.swift */,
			);
			path = Cells;
			sourceTree = "<group>";
		};
		594C21AC203D9EC300FFE7A6 /* Custom Classes */ = {
			isa = PBXGroup;
			children = (
				594C21AD203D9EC300FFE7A6 /* CustomImageView.swift */,
			);
			path = "Custom Classes";
			sourceTree = "<group>";
		};
		594C21B1203D9F9B00FFE7A6 /* API */ = {
			isa = PBXGroup;
			children = (
				594C21B2203D9F9B00FFE7A6 /* Environment.swift */,
				594C21B3203D9F9B00FFE7A6 /* Models */,
				594C21B6203D9F9B00FFE7A6 /* Router */,
			);
			path = API;
			sourceTree = "<group>";
		};
		594C21B3203D9F9B00FFE7A6 /* Models */ = {
			isa = PBXGroup;
			children = (
				594C21B4203D9F9B00FFE7A6 /* FoodCategory.swift */,
				594C21B5203D9F9B00FFE7A6 /* FoodCategories.swift */,
			);
			path = Models;
			sourceTree = "<group>";
		};
		594C21B6203D9F9B00FFE7A6 /* Router */ = {
			isa = PBXGroup;
			children = (
				594C21B7203D9F9B00FFE7A6 /* APICustomHelpers.swift */,
				594C21B8203D9F9B00FFE7A6 /* APIFoodRouter.swift */,
			);
			path = Router;
			sourceTree = "<group>";
		};
		595BA53520459A2F0029D903 /* TermiNetworkTests */ = {
			isa = PBXGroup;
			children = (
				59F39875204D6CA700C7381B /* Models */,
				59F3986F204D369D00C7381B /* Environment.swift */,
				59F39873204D6B5200C7381B /* APIRouter.swift */,
				59F3986D204D33FF00C7381B /* TestTNCallRequestErrors.swift */,
				59329621206A4ABB007BB456 /* TestTNCallResponseErrors.swift */,
				595BA53620459A2F0029D903 /* TestTNEnvironment.swift */,
				59F39871204D6AE300C7381B /* TestTNCall.swift */,
				59C7C63020A4B29200F8A47C /* TestExtensions.swift */,
				597EF4D320BF2AF100DB9981 /* TestTNQueue.swift */,
				595BA53820459A2F0029D903 /* Info.plist */,
			);
			path = TermiNetworkTests;
			sourceTree = "<group>";
		};
		59F39875204D6CA700C7381B /* Models */ = {
			isa = PBXGroup;
			children = (
				59F39876204D6CBB00C7381B /* TestHeaders.swift */,
				599F992B204EBC1D009F2B17 /* TestParams.swift */,
				59B81ADD208F71E3007D38AF /* TestJSONParams.swift */,
			);
			path = Models;
			sourceTree = "<group>";
		};
		607FACC71AFB9204008FA782 = {
			isa = PBXGroup;
			children = (
				607FACF51AFB993E008FA782 /* Podspec Metadata */,
				607FACD21AFB9204008FA782 /* Example for TermiNetwork */,
				595BA53520459A2F0029D903 /* TermiNetworkTests */,
				607FACD11AFB9204008FA782 /* Products */,
				11637649D70173414ABC8F55 /* Pods */,
				E08ED33A8181BB18ED2A0858 /* Frameworks */,
			);
			sourceTree = "<group>";
		};
		607FACD11AFB9204008FA782 /* Products */ = {
			isa = PBXGroup;
			children = (
				607FACD01AFB9204008FA782 /* TermiNetwork_Example.app */,
				595BA53420459A2E0029D903 /* TermiNetworkTests.xctest */,
			);
			name = Products;
			sourceTree = "<group>";
		};
		607FACD21AFB9204008FA782 /* Example for TermiNetwork */ = {
			isa = PBXGroup;
			children = (
				594C21B1203D9F9B00FFE7A6 /* API */,
				594C21AA203D9EC300FFE7A6 /* Cells */,
				594C21AC203D9EC300FFE7A6 /* Custom Classes */,
				607FACD51AFB9204008FA782 /* AppDelegate.swift */,
				607FACD71AFB9204008FA782 /* ViewController.swift */,
				607FACDC1AFB9204008FA782 /* Images.xcassets */,
				594C21A8203D9EA100FFE7A6 /* Main.storyboard */,
				607FACDE1AFB9204008FA782 /* LaunchScreen.xib */,
				607FACD31AFB9204008FA782 /* Supporting Files */,
			);
			name = "Example for TermiNetwork";
			path = TermiNetwork;
			sourceTree = "<group>";
		};
		607FACD31AFB9204008FA782 /* Supporting Files */ = {
			isa = PBXGroup;
			children = (
				607FACD41AFB9204008FA782 /* Info.plist */,
			);
			name = "Supporting Files";
			sourceTree = "<group>";
		};
		607FACF51AFB993E008FA782 /* Podspec Metadata */ = {
			isa = PBXGroup;
			children = (
				F242CB5337AE09D99DC7CF33 /* TermiNetwork.podspec */,
				10D658E7716536E837A73EFF /* README.md */,
				FEFDE3F46E74354242844F3F /* LICENSE */,
			);
			name = "Podspec Metadata";
			sourceTree = "<group>";
		};
		E08ED33A8181BB18ED2A0858 /* Frameworks */ = {
			isa = PBXGroup;
			children = (
				59B45DCC209A68960079F56E /* SVProgressHUD.framework */,
				59B45DCA209A68900079F56E /* TermiNetwork.framework */,
				59B45DC8209A68650079F56E /* SVProgressHUD.framework */,
				59B45DC6209A68210079F56E /* SVProgressHUD.framework */,
				59B45DC4209A65E90079F56E /* SVProgressHUD.framework */,
				59B45DC2209A65B40079F56E /* SVProgressHUD.framework */,
				9CE2EB115537B49E5697580B /* Pods_TermiNetwork_Example.framework */,
				86F5A98A93DF2EDB1A8F2054 /* Pods_TermiNetwork_Tests.framework */,
			);
			name = Frameworks;
			sourceTree = "<group>";
		};
/* End PBXGroup section */

/* Begin PBXNativeTarget section */
		595BA53320459A2E0029D903 /* TermiNetworkTests */ = {
			isa = PBXNativeTarget;
			buildConfigurationList = 595BA53B20459A2F0029D903 /* Build configuration list for PBXNativeTarget "TermiNetworkTests" */;
			buildPhases = (
				595BA53020459A2E0029D903 /* Sources */,
				595BA53120459A2E0029D903 /* Frameworks */,
				595BA53220459A2E0029D903 /* Resources */,
			);
			buildRules = (
			);
			dependencies = (
				595BA53A20459A2F0029D903 /* PBXTargetDependency */,
			);
			name = TermiNetworkTests;
			productName = TermiNetworkTests;
			productReference = 595BA53420459A2E0029D903 /* TermiNetworkTests.xctest */;
			productType = "com.apple.product-type.bundle.unit-test";
		};
		607FACCF1AFB9204008FA782 /* TermiNetwork_Example */ = {
			isa = PBXNativeTarget;
			buildConfigurationList = 607FACEF1AFB9204008FA782 /* Build configuration list for PBXNativeTarget "TermiNetwork_Example" */;
			buildPhases = (
				5FE4C4EF92C9D0B5F26C6D76 /* [CP] Check Pods Manifest.lock */,
				607FACCC1AFB9204008FA782 /* Sources */,
				607FACCD1AFB9204008FA782 /* Frameworks */,
				607FACCE1AFB9204008FA782 /* Resources */,
				7EC577C98174CA088533BC9A /* [CP] Embed Pods Frameworks */,
			);
			buildRules = (
			);
			dependencies = (
			);
			name = TermiNetwork_Example;
			productName = TermiNetwork;
			productReference = 607FACD01AFB9204008FA782 /* TermiNetwork_Example.app */;
			productType = "com.apple.product-type.application";
		};
/* End PBXNativeTarget section */

/* Begin PBXProject section */
		607FACC81AFB9204008FA782 /* Project object */ = {
			isa = PBXProject;
			attributes = {
				LastSwiftUpdateCheck = 0920;
				LastUpgradeCheck = 0930;
				ORGANIZATIONNAME = CocoaPods;
				TargetAttributes = {
					595BA53320459A2E0029D903 = {
						CreatedOnToolsVersion = 9.2;
						LastSwiftMigration = 1000;
						ProvisioningStyle = Automatic;
						TestTargetID = 607FACCF1AFB9204008FA782;
					};
					607FACCF1AFB9204008FA782 = {
						CreatedOnToolsVersion = 6.3.1;
						DevelopmentTeam = 899S8YHUCE;
						LastSwiftMigration = 1000;
						ProvisioningStyle = Automatic;
					};
				};
			};
			buildConfigurationList = 607FACCB1AFB9204008FA782 /* Build configuration list for PBXProject "TermiNetwork" */;
			compatibilityVersion = "Xcode 3.2";
			developmentRegion = English;
			hasScannedForEncodings = 0;
			knownRegions = (
				en,
				Base,
			);
			mainGroup = 607FACC71AFB9204008FA782;
			productRefGroup = 607FACD11AFB9204008FA782 /* Products */;
			projectDirPath = "";
			projectRoot = "";
			targets = (
				607FACCF1AFB9204008FA782 /* TermiNetwork_Example */,
				595BA53320459A2E0029D903 /* TermiNetworkTests */,
			);
		};
/* End PBXProject section */

/* Begin PBXResourcesBuildPhase section */
		595BA53220459A2E0029D903 /* Resources */ = {
			isa = PBXResourcesBuildPhase;
			buildActionMask = 2147483647;
			files = (
			);
			runOnlyForDeploymentPostprocessing = 0;
		};
		607FACCE1AFB9204008FA782 /* Resources */ = {
			isa = PBXResourcesBuildPhase;
			buildActionMask = 2147483647;
			files = (
				594C21A9203D9EA100FFE7A6 /* Main.storyboard in Resources */,
				607FACE01AFB9204008FA782 /* LaunchScreen.xib in Resources */,
				607FACDD1AFB9204008FA782 /* Images.xcassets in Resources */,
			);
			runOnlyForDeploymentPostprocessing = 0;
		};
/* End PBXResourcesBuildPhase section */

/* Begin PBXShellScriptBuildPhase section */
		5FE4C4EF92C9D0B5F26C6D76 /* [CP] Check Pods Manifest.lock */ = {
			isa = PBXShellScriptBuildPhase;
			buildActionMask = 2147483647;
			files = (
			);
			inputPaths = (
				"${PODS_PODFILE_DIR_PATH}/Podfile.lock",
				"${PODS_ROOT}/Manifest.lock",
			);
			name = "[CP] Check Pods Manifest.lock";
			outputPaths = (
				"$(DERIVED_FILE_DIR)/Pods-TermiNetwork_Example-checkManifestLockResult.txt",
			);
			runOnlyForDeploymentPostprocessing = 0;
			shellPath = /bin/sh;
			shellScript = "diff \"${PODS_PODFILE_DIR_PATH}/Podfile.lock\" \"${PODS_ROOT}/Manifest.lock\" > /dev/null\nif [ $? != 0 ] ; then\n    # print error to STDERR\n    echo \"error: The sandbox is not in sync with the Podfile.lock. Run 'pod install' or update your CocoaPods installation.\" >&2\n    exit 1\nfi\n# This output is used by Xcode 'outputs' to avoid re-running this script phase.\necho \"SUCCESS\" > \"${SCRIPT_OUTPUT_FILE_0}\"\n";
			showEnvVarsInLog = 0;
		};
		7EC577C98174CA088533BC9A /* [CP] Embed Pods Frameworks */ = {
			isa = PBXShellScriptBuildPhase;
			buildActionMask = 2147483647;
			files = (
			);
			inputPaths = (
				"${SRCROOT}/Pods/Target Support Files/Pods-TermiNetwork_Example/Pods-TermiNetwork_Example-frameworks.sh",
				"${BUILT_PRODUCTS_DIR}/SVProgressHUD/SVProgressHUD.framework",
				"${BUILT_PRODUCTS_DIR}/TermiNetwork/TermiNetwork.framework",
			);
			name = "[CP] Embed Pods Frameworks";
			outputPaths = (
				"${TARGET_BUILD_DIR}/${FRAMEWORKS_FOLDER_PATH}/SVProgressHUD.framework",
				"${TARGET_BUILD_DIR}/${FRAMEWORKS_FOLDER_PATH}/TermiNetwork.framework",
			);
			runOnlyForDeploymentPostprocessing = 0;
			shellPath = /bin/sh;
			shellScript = "\"${SRCROOT}/Pods/Target Support Files/Pods-TermiNetwork_Example/Pods-TermiNetwork_Example-frameworks.sh\"\n";
			showEnvVarsInLog = 0;
		};
/* End PBXShellScriptBuildPhase section */

/* Begin PBXSourcesBuildPhase section */
		595BA53020459A2E0029D903 /* Sources */ = {
			isa = PBXSourcesBuildPhase;
			buildActionMask = 2147483647;
			files = (
				59F39877204D6CBB00C7381B /* TestHeaders.swift in Sources */,
				599F992C204EBC1D009F2B17 /* TestParams.swift in Sources */,
				59B81ADE208F71E3007D38AF /* TestJSONParams.swift in Sources */,
				597EF4D420BF2AF100DB9981 /* TestTNQueue.swift in Sources */,
				59C7C63120A4B29200F8A47C /* TestExtensions.swift in Sources */,
				59F3986E204D33FF00C7381B /* TestTNCallRequestErrors.swift in Sources */,
				59329622206A4ABB007BB456 /* TestTNCallResponseErrors.swift in Sources */,
				59F39872204D6AE300C7381B /* TestTNCall.swift in Sources */,
				59F39874204D6B5200C7381B /* APIRouter.swift in Sources */,
				59F39870204D369D00C7381B /* Environment.swift in Sources */,
				595BA53720459A2F0029D903 /* TestTNEnvironment.swift in Sources */,
			);
			runOnlyForDeploymentPostprocessing = 0;
		};
		607FACCC1AFB9204008FA782 /* Sources */ = {
			isa = PBXSourcesBuildPhase;
			buildActionMask = 2147483647;
			files = (
				594C21AE203D9EC300FFE7A6 /* FoodCategoryCell.swift in Sources */,
				594C21BC203D9F9B00FFE7A6 /* APICustomHelpers.swift in Sources */,
				594C21BA203D9F9B00FFE7A6 /* FoodCategory.swift in Sources */,
				594C21BB203D9F9B00FFE7A6 /* FoodCategories.swift in Sources */,
				594C21AF203D9EC300FFE7A6 /* CustomImageView.swift in Sources */,
				607FACD81AFB9204008FA782 /* ViewController.swift in Sources */,
				607FACD61AFB9204008FA782 /* AppDelegate.swift in Sources */,
				594C21B9203D9F9B00FFE7A6 /* Environment.swift in Sources */,
				594C21BD203D9F9B00FFE7A6 /* APIFoodRouter.swift in Sources */,
			);
			runOnlyForDeploymentPostprocessing = 0;
		};
/* End PBXSourcesBuildPhase section */

/* Begin PBXTargetDependency section */
		595BA53A20459A2F0029D903 /* PBXTargetDependency */ = {
			isa = PBXTargetDependency;
			target = 607FACCF1AFB9204008FA782 /* TermiNetwork_Example */;
			targetProxy = 595BA53920459A2F0029D903 /* PBXContainerItemProxy */;
		};
/* End PBXTargetDependency section */

/* Begin PBXVariantGroup section */
		607FACDE1AFB9204008FA782 /* LaunchScreen.xib */ = {
			isa = PBXVariantGroup;
			children = (
				607FACDF1AFB9204008FA782 /* Base */,
			);
			name = LaunchScreen.xib;
			sourceTree = "<group>";
		};
/* End PBXVariantGroup section */

/* Begin XCBuildConfiguration section */
		595BA53C20459A2F0029D903 /* Debug */ = {
			isa = XCBuildConfiguration;
			buildSettings = {
				ALWAYS_EMBED_SWIFT_STANDARD_LIBRARIES = NO;
				BUNDLE_LOADER = "$(TEST_HOST)";
				CLANG_ANALYZER_NONNULL = YES;
				CLANG_ANALYZER_NUMBER_OBJECT_CONVERSION = YES_AGGRESSIVE;
				CLANG_CXX_LANGUAGE_STANDARD = "gnu++14";
				CLANG_WARN_DOCUMENTATION_COMMENTS = YES;
				CLANG_WARN_UNGUARDED_AVAILABILITY = YES_AGGRESSIVE;
				CODE_SIGN_IDENTITY = "iPhone Developer";
				CODE_SIGN_STYLE = Automatic;
				DEBUG_INFORMATION_FORMAT = dwarf;
				FRAMEWORK_SEARCH_PATHS = "\"${BUILD_DIR}/$(CONFIGURATION)$(EFFECTIVE_PLATFORM_NAME)/TermiNetwork\"";
				GCC_C_LANGUAGE_STANDARD = gnu11;
				INFOPLIST_FILE = TermiNetworkTests/Info.plist;
				IPHONEOS_DEPLOYMENT_TARGET = 11.2;
				LD_RUNPATH_SEARCH_PATHS = "$(inherited) '@executable_path/Frameworks' '@loader_path/Frameworks'";
				PRODUCT_BUNDLE_IDENTIFIER = com.billp.TermiNetworkTests;
				PRODUCT_NAME = "$(TARGET_NAME)";
				REEXPORTED_FRAMEWORK_NAMES = "$(inherited)";
				SWIFT_ACTIVE_COMPILATION_CONDITIONS = DEBUG;
				SWIFT_SWIFT3_OBJC_INFERENCE = On;
				SWIFT_VERSION = 4.2;
				TARGETED_DEVICE_FAMILY = "1,2";
				TEST_HOST = "$(BUILT_PRODUCTS_DIR)/TermiNetwork_Example.app/TermiNetwork_Example";
				VALID_ARCHS = "arm64 armv7 i386 x86_64 armv7s";
			};
			name = Debug;
		};
		595BA53D20459A2F0029D903 /* Release */ = {
			isa = XCBuildConfiguration;
			buildSettings = {
				ALWAYS_EMBED_SWIFT_STANDARD_LIBRARIES = NO;
				BUNDLE_LOADER = "$(TEST_HOST)";
				CLANG_ANALYZER_NONNULL = YES;
				CLANG_ANALYZER_NUMBER_OBJECT_CONVERSION = YES_AGGRESSIVE;
				CLANG_CXX_LANGUAGE_STANDARD = "gnu++14";
				CLANG_WARN_DOCUMENTATION_COMMENTS = YES;
				CLANG_WARN_UNGUARDED_AVAILABILITY = YES_AGGRESSIVE;
				CODE_SIGN_IDENTITY = "iPhone Developer";
				CODE_SIGN_STYLE = Automatic;
				FRAMEWORK_SEARCH_PATHS = "\"${BUILD_DIR}/$(CONFIGURATION)$(EFFECTIVE_PLATFORM_NAME)/TermiNetwork\"";
				GCC_C_LANGUAGE_STANDARD = gnu11;
				INFOPLIST_FILE = TermiNetworkTests/Info.plist;
				IPHONEOS_DEPLOYMENT_TARGET = 11.2;
				LD_RUNPATH_SEARCH_PATHS = "$(inherited) '@executable_path/Frameworks' '@loader_path/Frameworks'";
				PRODUCT_BUNDLE_IDENTIFIER = com.billp.TermiNetworkTests;
				PRODUCT_NAME = "$(TARGET_NAME)";
				REEXPORTED_FRAMEWORK_NAMES = "$(inherited)";
				SWIFT_SWIFT3_OBJC_INFERENCE = On;
				SWIFT_VERSION = 4.2;
				TARGETED_DEVICE_FAMILY = "1,2";
				TEST_HOST = "$(BUILT_PRODUCTS_DIR)/TermiNetwork_Example.app/TermiNetwork_Example";
				VALID_ARCHS = "arm64 armv7 i386 x86_64 armv7s";
			};
			name = Release;
		};
		607FACED1AFB9204008FA782 /* Debug */ = {
			isa = XCBuildConfiguration;
			buildSettings = {
				ALWAYS_EMBED_SWIFT_STANDARD_LIBRARIES = YES;
				ALWAYS_SEARCH_USER_PATHS = NO;
				CLANG_CXX_LANGUAGE_STANDARD = "gnu++0x";
				CLANG_CXX_LIBRARY = "libc++";
				CLANG_ENABLE_MODULES = YES;
				CLANG_ENABLE_OBJC_ARC = YES;
				CLANG_WARN_BLOCK_CAPTURE_AUTORELEASING = YES;
				CLANG_WARN_BOOL_CONVERSION = YES;
				CLANG_WARN_COMMA = YES;
				CLANG_WARN_CONSTANT_CONVERSION = YES;
				CLANG_WARN_DEPRECATED_OBJC_IMPLEMENTATIONS = YES;
				CLANG_WARN_DIRECT_OBJC_ISA_USAGE = YES_ERROR;
				CLANG_WARN_EMPTY_BODY = YES;
				CLANG_WARN_ENUM_CONVERSION = YES;
				CLANG_WARN_INFINITE_RECURSION = YES;
				CLANG_WARN_INT_CONVERSION = YES;
				CLANG_WARN_NON_LITERAL_NULL_CONVERSION = YES;
				CLANG_WARN_OBJC_IMPLICIT_RETAIN_SELF = YES;
				CLANG_WARN_OBJC_LITERAL_CONVERSION = YES;
				CLANG_WARN_OBJC_ROOT_CLASS = YES_ERROR;
				CLANG_WARN_RANGE_LOOP_ANALYSIS = YES;
				CLANG_WARN_STRICT_PROTOTYPES = YES;
				CLANG_WARN_SUSPICIOUS_MOVE = YES;
				CLANG_WARN_UNREACHABLE_CODE = YES;
				CLANG_WARN__DUPLICATE_METHOD_MATCH = YES;
				"CODE_SIGN_IDENTITY[sdk=iphoneos*]" = "iPhone Developer";
				COPY_PHASE_STRIP = NO;
				DEBUG_INFORMATION_FORMAT = "dwarf-with-dsym";
				ENABLE_STRICT_OBJC_MSGSEND = YES;
				ENABLE_TESTABILITY = YES;
				GCC_C_LANGUAGE_STANDARD = gnu99;
				GCC_DYNAMIC_NO_PIC = NO;
				GCC_NO_COMMON_BLOCKS = YES;
				GCC_OPTIMIZATION_LEVEL = 0;
				GCC_PREPROCESSOR_DEFINITIONS = (
					"DEBUG=1",
					"$(inherited)",
				);
				GCC_SYMBOLS_PRIVATE_EXTERN = NO;
				GCC_WARN_64_TO_32_BIT_CONVERSION = YES;
				GCC_WARN_ABOUT_RETURN_TYPE = YES_ERROR;
				GCC_WARN_UNDECLARED_SELECTOR = YES;
				GCC_WARN_UNINITIALIZED_AUTOS = YES_AGGRESSIVE;
				GCC_WARN_UNUSED_FUNCTION = YES;
				GCC_WARN_UNUSED_VARIABLE = YES;
				IPHONEOS_DEPLOYMENT_TARGET = 9.3;
				MTL_ENABLE_DEBUG_INFO = YES;
				ONLY_ACTIVE_ARCH = YES;
				SDKROOT = iphoneos;
				SWIFT_OPTIMIZATION_LEVEL = "-Onone";
				VALID_ARCHS = "i386 x86_64";
			};
			name = Debug;
		};
		607FACEE1AFB9204008FA782 /* Release */ = {
			isa = XCBuildConfiguration;
			buildSettings = {
				ALWAYS_EMBED_SWIFT_STANDARD_LIBRARIES = YES;
				ALWAYS_SEARCH_USER_PATHS = NO;
				CLANG_CXX_LANGUAGE_STANDARD = "gnu++0x";
				CLANG_CXX_LIBRARY = "libc++";
				CLANG_ENABLE_MODULES = YES;
				CLANG_ENABLE_OBJC_ARC = YES;
				CLANG_WARN_BLOCK_CAPTURE_AUTORELEASING = YES;
				CLANG_WARN_BOOL_CONVERSION = YES;
				CLANG_WARN_COMMA = YES;
				CLANG_WARN_CONSTANT_CONVERSION = YES;
				CLANG_WARN_DEPRECATED_OBJC_IMPLEMENTATIONS = YES;
				CLANG_WARN_DIRECT_OBJC_ISA_USAGE = YES_ERROR;
				CLANG_WARN_EMPTY_BODY = YES;
				CLANG_WARN_ENUM_CONVERSION = YES;
				CLANG_WARN_INFINITE_RECURSION = YES;
				CLANG_WARN_INT_CONVERSION = YES;
				CLANG_WARN_NON_LITERAL_NULL_CONVERSION = YES;
				CLANG_WARN_OBJC_IMPLICIT_RETAIN_SELF = YES;
				CLANG_WARN_OBJC_LITERAL_CONVERSION = YES;
				CLANG_WARN_OBJC_ROOT_CLASS = YES_ERROR;
				CLANG_WARN_RANGE_LOOP_ANALYSIS = YES;
				CLANG_WARN_STRICT_PROTOTYPES = YES;
				CLANG_WARN_SUSPICIOUS_MOVE = YES;
				CLANG_WARN_UNREACHABLE_CODE = YES;
				CLANG_WARN__DUPLICATE_METHOD_MATCH = YES;
				"CODE_SIGN_IDENTITY[sdk=iphoneos*]" = "iPhone Developer";
				COPY_PHASE_STRIP = NO;
				DEBUG_INFORMATION_FORMAT = "dwarf-with-dsym";
				ENABLE_NS_ASSERTIONS = NO;
				ENABLE_STRICT_OBJC_MSGSEND = YES;
				GCC_C_LANGUAGE_STANDARD = gnu99;
				GCC_NO_COMMON_BLOCKS = YES;
				GCC_WARN_64_TO_32_BIT_CONVERSION = YES;
				GCC_WARN_ABOUT_RETURN_TYPE = YES_ERROR;
				GCC_WARN_UNDECLARED_SELECTOR = YES;
				GCC_WARN_UNINITIALIZED_AUTOS = YES_AGGRESSIVE;
				GCC_WARN_UNUSED_FUNCTION = YES;
				GCC_WARN_UNUSED_VARIABLE = YES;
				IPHONEOS_DEPLOYMENT_TARGET = 9.3;
				MTL_ENABLE_DEBUG_INFO = NO;
				ONLY_ACTIVE_ARCH = YES;
				SDKROOT = iphoneos;
				SWIFT_OPTIMIZATION_LEVEL = "-Owholemodule";
				VALIDATE_PRODUCT = YES;
				VALID_ARCHS = "i386 x86_64";
			};
			name = Release;
		};
		607FACF01AFB9204008FA782 /* Debug */ = {
			isa = XCBuildConfiguration;
			baseConfigurationReference = E23E0C53115D7D13327E82BB /* Pods-TermiNetwork_Example.debug.xcconfig */;
			buildSettings = {
				ASSETCATALOG_COMPILER_APPICON_NAME = AppIcon;
				"CODE_SIGN_IDENTITY[sdk=iphoneos*]" = "iPhone Developer";
				CODE_SIGN_STYLE = Automatic;
				DEVELOPMENT_TEAM = 899S8YHUCE;
				INFOPLIST_FILE = TermiNetwork/Info.plist;
				LD_RUNPATH_SEARCH_PATHS = "$(inherited) @executable_path/Frameworks";
				MODULE_NAME = ExampleApp;
				PRODUCT_BUNDLE_IDENTIFIER = "org.cocoapods.demo.$(PRODUCT_NAME:rfc1034identifier)";
				PRODUCT_NAME = "$(TARGET_NAME)";
				PROVISIONING_PROFILE_SPECIFIER = "";
				SWIFT_SWIFT3_OBJC_INFERENCE = Default;
				SWIFT_VERSION = 4.2;
				VALID_ARCHS = "i386 x86_64";
			};
			name = Debug;
		};
		607FACF11AFB9204008FA782 /* Release */ = {
			isa = XCBuildConfiguration;
			baseConfigurationReference = F676F90F742CED352BDC092A /* Pods-TermiNetwork_Example.release.xcconfig */;
			buildSettings = {
				ASSETCATALOG_COMPILER_APPICON_NAME = AppIcon;
				"CODE_SIGN_IDENTITY[sdk=iphoneos*]" = "iPhone Developer";
				CODE_SIGN_STYLE = Automatic;
				DEVELOPMENT_TEAM = 899S8YHUCE;
				INFOPLIST_FILE = TermiNetwork/Info.plist;
				LD_RUNPATH_SEARCH_PATHS = "$(inherited) @executable_path/Frameworks";
				MODULE_NAME = ExampleApp;
				PRODUCT_BUNDLE_IDENTIFIER = "org.cocoapods.demo.$(PRODUCT_NAME:rfc1034identifier)";
				PRODUCT_NAME = "$(TARGET_NAME)";
				PROVISIONING_PROFILE_SPECIFIER = "";
				SWIFT_SWIFT3_OBJC_INFERENCE = Default;
				SWIFT_VERSION = 4.2;
				VALID_ARCHS = "i386 x86_64";
			};
			name = Release;
		};
/* End XCBuildConfiguration section */

/* Begin XCConfigurationList section */
		595BA53B20459A2F0029D903 /* Build configuration list for PBXNativeTarget "TermiNetworkTests" */ = {
			isa = XCConfigurationList;
			buildConfigurations = (
				595BA53C20459A2F0029D903 /* Debug */,
				595BA53D20459A2F0029D903 /* Release */,
			);
			defaultConfigurationIsVisible = 0;
			defaultConfigurationName = Release;
		};
		607FACCB1AFB9204008FA782 /* Build configuration list for PBXProject "TermiNetwork" */ = {
			isa = XCConfigurationList;
			buildConfigurations = (
				607FACED1AFB9204008FA782 /* Debug */,
				607FACEE1AFB9204008FA782 /* Release */,
			);
			defaultConfigurationIsVisible = 0;
			defaultConfigurationName = Release;
		};
		607FACEF1AFB9204008FA782 /* Build configuration list for PBXNativeTarget "TermiNetwork_Example" */ = {
			isa = XCConfigurationList;
			buildConfigurations = (
				607FACF01AFB9204008FA782 /* Debug */,
				607FACF11AFB9204008FA782 /* Release */,
			);
			defaultConfigurationIsVisible = 0;
			defaultConfigurationName = Release;
		};
/* End XCConfigurationList section */
	};
	rootObject = 607FACC81AFB9204008FA782 /* Project object */;
}
