{
  "object": {
    "pins": [
      {
        "package": "CryptoSwift",
        "repositoryURL": "https://github.com/krzyzanowskim/CryptoSwift",
        "state": {
          "branch": null,
          "revision": "e2bc81be54d71d566a52ca17c3983d141c30aa70",
          "version": "1.3.3"
        }
      }
    ]
  },
  "version": 1
}
